// !$*UTF8*$!
{
	archiveVersion = 1;
	classes = {
	};
	objectVersion = 50;
	objects = {

/* Begin PBXBuildFile section */
		44437E7C2297D7BC00EF1F42 /* Assets.xcassets in Resources */ = {isa = PBXBuildFile; fileRef = 44437E6F2297D7BC00EF1F42 /* Assets.xcassets */; };
		44437E7D2297D7BC00EF1F42 /* LaunchScreen.storyboard in Resources */ = {isa = PBXBuildFile; fileRef = 44437E702297D7BC00EF1F42 /* LaunchScreen.storyboard */; };
		44437E7E2297D7BC00EF1F42 /* Main.storyboard in Resources */ = {isa = PBXBuildFile; fileRef = 44437E722297D7BC00EF1F42 /* Main.storyboard */; };
		44437E7F2297D7BC00EF1F42 /* art.scnassets in Resources */ = {isa = PBXBuildFile; fileRef = 44437E742297D7BC00EF1F42 /* art.scnassets */; };
		44437E822297D7BC00EF1F42 /* main.m in Sources */ = {isa = PBXBuildFile; fileRef = 44437E792297D7BC00EF1F42 /* main.m */; };
		44437E832297D7BC00EF1F42 /* AppDelegate.m in Sources */ = {isa = PBXBuildFile; fileRef = 44437E7A2297D7BC00EF1F42 /* AppDelegate.m */; };
		44437E882297D82700EF1F42 /* GameViewController.m in Sources */ = {isa = PBXBuildFile; fileRef = 44437E852297D82700EF1F42 /* GameViewController.m */; };
		44437E922297DB6D00EF1F42 /* RNImageNode.swift in Sources */ = {isa = PBXBuildFile; fileRef = 44437E8F2297DB6D00EF1F42 /* RNImageNode.swift */; };
		44437E932297DB6D00EF1F42 /* RNTextNode.swift in Sources */ = {isa = PBXBuildFile; fileRef = 44437E902297DB6D00EF1F42 /* RNTextNode.swift */; };
		44437E942297DB6D00EF1F42 /* RNButtonNode.swift in Sources */ = {isa = PBXBuildFile; fileRef = 44437E912297DB6D00EF1F42 /* RNButtonNode.swift */; };
/* End PBXBuildFile section */

/* Begin PBXFileReference section */
		44437E532297D71F00EF1F42 /* SceneKitComponents.app */ = {isa = PBXFileReference; explicitFileType = wrapper.application; includeInIndex = 0; path = SceneKitComponents.app; sourceTree = BUILT_PRODUCTS_DIR; };
		44437E6F2297D7BC00EF1F42 /* Assets.xcassets */ = {isa = PBXFileReference; lastKnownFileType = folder.assetcatalog; path = Assets.xcassets; sourceTree = "<group>"; };
		44437E712297D7BC00EF1F42 /* Base */ = {isa = PBXFileReference; lastKnownFileType = file.storyboard; name = Base; path = Base.lproj/LaunchScreen.storyboard; sourceTree = "<group>"; };
		44437E732297D7BC00EF1F42 /* Base */ = {isa = PBXFileReference; lastKnownFileType = file.storyboard; name = Base; path = Base.lproj/Main.storyboard; sourceTree = "<group>"; };
		44437E742297D7BC00EF1F42 /* art.scnassets */ = {isa = PBXFileReference; lastKnownFileType = wrapper.scnassets; path = art.scnassets; sourceTree = "<group>"; };
		44437E752297D7BC00EF1F42 /* Info.plist */ = {isa = PBXFileReference; fileEncoding = 4; lastKnownFileType = text.plist.xml; path = Info.plist; sourceTree = "<group>"; };
		44437E772297D7BC00EF1F42 /* AppDelegate.h */ = {isa = PBXFileReference; fileEncoding = 4; lastKnownFileType = sourcecode.c.h; path = AppDelegate.h; sourceTree = "<group>"; };
		44437E792297D7BC00EF1F42 /* main.m */ = {isa = PBXFileReference; fileEncoding = 4; lastKnownFileType = sourcecode.c.objc; path = main.m; sourceTree = "<group>"; };
		44437E7A2297D7BC00EF1F42 /* AppDelegate.m */ = {isa = PBXFileReference; fileEncoding = 4; lastKnownFileType = sourcecode.c.objc; path = AppDelegate.m; sourceTree = "<group>"; };
		44437E852297D82700EF1F42 /* GameViewController.m */ = {isa = PBXFileReference; fileEncoding = 4; lastKnownFileType = sourcecode.c.objc; path = GameViewController.m; sourceTree = "<group>"; };
		44437E862297D82700EF1F42 /* GameViewController.h */ = {isa = PBXFileReference; fileEncoding = 4; lastKnownFileType = sourcecode.c.h; path = GameViewController.h; sourceTree = "<group>"; };
		44437E8B2297D90600EF1F42 /* SceneKitComponents-Bridging-Header.h */ = {isa = PBXFileReference; lastKnownFileType = sourcecode.c.h; path = "SceneKitComponents-Bridging-Header.h"; sourceTree = "<group>"; };
		44437E8F2297DB6D00EF1F42 /* RNImageNode.swift */ = {isa = PBXFileReference; fileEncoding = 4; lastKnownFileType = sourcecode.swift; path = RNImageNode.swift; sourceTree = "<group>"; };
		44437E902297DB6D00EF1F42 /* RNTextNode.swift */ = {isa = PBXFileReference; fileEncoding = 4; lastKnownFileType = sourcecode.swift; path = RNTextNode.swift; sourceTree = "<group>"; };
		44437E912297DB6D00EF1F42 /* RNButtonNode.swift */ = {isa = PBXFileReference; fileEncoding = 4; lastKnownFileType = sourcecode.swift; path = RNButtonNode.swift; sourceTree = "<group>"; };
/* End PBXFileReference section */

/* Begin PBXFrameworksBuildPhase section */
		44437E502297D71F00EF1F42 /* Frameworks */ = {
			isa = PBXFrameworksBuildPhase;
			buildActionMask = 2147483647;
			files = (
			);
			runOnlyForDeploymentPostprocessing = 0;
		};
/* End PBXFrameworksBuildPhase section */

/* Begin PBXGroup section */
		44437E4A2297D71F00EF1F42 = {
			isa = PBXGroup;
			children = (
				44437E552297D71F00EF1F42 /* SceneKitComponents */,
				44437E542297D71F00EF1F42 /* Products */,
			);
			sourceTree = "<group>";
		};
		44437E542297D71F00EF1F42 /* Products */ = {
			isa = PBXGroup;
			children = (
				44437E532297D71F00EF1F42 /* SceneKitComponents.app */,
			);
			name = Products;
			sourceTree = "<group>";
		};
		44437E552297D71F00EF1F42 /* SceneKitComponents */ = {
			isa = PBXGroup;
			children = (
				44437E6E2297D7BC00EF1F42 /* Resources */,
				44437E762297D7BC00EF1F42 /* Sources */,
			);
			path = SceneKitComponents;
			sourceTree = "<group>";
		};
		44437E6E2297D7BC00EF1F42 /* Resources */ = {
			isa = PBXGroup;
			children = (
				44437E6F2297D7BC00EF1F42 /* Assets.xcassets */,
				44437E702297D7BC00EF1F42 /* LaunchScreen.storyboard */,
				44437E722297D7BC00EF1F42 /* Main.storyboard */,
				44437E742297D7BC00EF1F42 /* art.scnassets */,
				44437E752297D7BC00EF1F42 /* Info.plist */,
			);
			path = Resources;
			sourceTree = "<group>";
		};
		44437E762297D7BC00EF1F42 /* Sources */ = {
			isa = PBXGroup;
			children = (
				44437E8E2297DB6D00EF1F42 /* Nodes */,
				44437E842297D82700EF1F42 /* Controllers */,
				44437E772297D7BC00EF1F42 /* AppDelegate.h */,
				44437E7A2297D7BC00EF1F42 /* AppDelegate.m */,
				44437E792297D7BC00EF1F42 /* main.m */,
				44437E8B2297D90600EF1F42 /* SceneKitComponents-Bridging-Header.h */,
			);
			path = Sources;
			sourceTree = "<group>";
		};
		44437E842297D82700EF1F42 /* Controllers */ = {
			isa = PBXGroup;
			children = (
				44437E862297D82700EF1F42 /* GameViewController.h */,
				44437E852297D82700EF1F42 /* GameViewController.m */,
			);
			path = Controllers;
			sourceTree = "<group>";
		};
		44437E8E2297DB6D00EF1F42 /* Nodes */ = {
			isa = PBXGroup;
			children = (
				44437E8F2297DB6D00EF1F42 /* RNImageNode.swift */,
				44437E902297DB6D00EF1F42 /* RNTextNode.swift */,
				44437E912297DB6D00EF1F42 /* RNButtonNode.swift */,
			);
			name = Nodes;
			path = ../../../scene3d/ios/Nodes;
			sourceTree = "<group>";
		};
/* End PBXGroup section */

/* Begin PBXNativeTarget section */
		44437E522297D71F00EF1F42 /* SceneKitComponents */ = {
			isa = PBXNativeTarget;
			buildConfigurationList = 44437E6B2297D72200EF1F42 /* Build configuration list for PBXNativeTarget "SceneKitComponents" */;
			buildPhases = (
				44437E4F2297D71F00EF1F42 /* Sources */,
				44437E502297D71F00EF1F42 /* Frameworks */,
				44437E512297D71F00EF1F42 /* Resources */,
			);
			buildRules = (
			);
			dependencies = (
			);
			name = SceneKitComponents;
			productName = SceneKitComponents;
			productReference = 44437E532297D71F00EF1F42 /* SceneKitComponents.app */;
			productType = "com.apple.product-type.application";
		};
/* End PBXNativeTarget section */

/* Begin PBXProject section */
		44437E4B2297D71F00EF1F42 /* Project object */ = {
			isa = PBXProject;
			attributes = {
				LastUpgradeCheck = 1010;
				ORGANIZATIONNAME = Nomtek;
				TargetAttributes = {
					44437E522297D71F00EF1F42 = {
						CreatedOnToolsVersion = 10.1;
						LastSwiftMigration = 1010;
					};
				};
			};
			buildConfigurationList = 44437E4E2297D71F00EF1F42 /* Build configuration list for PBXProject "SceneKitComponents" */;
			compatibilityVersion = "Xcode 9.3";
			developmentRegion = en;
			hasScannedForEncodings = 0;
			knownRegions = (
				en,
				Base,
			);
			mainGroup = 44437E4A2297D71F00EF1F42;
			productRefGroup = 44437E542297D71F00EF1F42 /* Products */;
			projectDirPath = "";
			projectRoot = "";
			targets = (
				44437E522297D71F00EF1F42 /* SceneKitComponents */,
			);
		};
/* End PBXProject section */

/* Begin PBXResourcesBuildPhase section */
		44437E512297D71F00EF1F42 /* Resources */ = {
			isa = PBXResourcesBuildPhase;
			buildActionMask = 2147483647;
			files = (
				44437E7E2297D7BC00EF1F42 /* Main.storyboard in Resources */,
				44437E7F2297D7BC00EF1F42 /* art.scnassets in Resources */,
				44437E7C2297D7BC00EF1F42 /* Assets.xcassets in Resources */,
				44437E7D2297D7BC00EF1F42 /* LaunchScreen.storyboard in Resources */,
			);
			runOnlyForDeploymentPostprocessing = 0;
		};
/* End PBXResourcesBuildPhase section */

/* Begin PBXSourcesBuildPhase section */
		44437E4F2297D71F00EF1F42 /* Sources */ = {
			isa = PBXSourcesBuildPhase;
			buildActionMask = 2147483647;
			files = (
				44437E942297DB6D00EF1F42 /* RNButtonNode.swift in Sources */,
				44437E822297D7BC00EF1F42 /* main.m in Sources */,
				44437E932297DB6D00EF1F42 /* RNTextNode.swift in Sources */,
				44437E882297D82700EF1F42 /* GameViewController.m in Sources */,
				44437E832297D7BC00EF1F42 /* AppDelegate.m in Sources */,
				44437E922297DB6D00EF1F42 /* RNImageNode.swift in Sources */,
			);
			runOnlyForDeploymentPostprocessing = 0;
		};
/* End PBXSourcesBuildPhase section */

/* Begin PBXVariantGroup section */
		44437E702297D7BC00EF1F42 /* LaunchScreen.storyboard */ = {
			isa = PBXVariantGroup;
			children = (
				44437E712297D7BC00EF1F42 /* Base */,
			);
			name = LaunchScreen.storyboard;
			sourceTree = "<group>";
		};
		44437E722297D7BC00EF1F42 /* Main.storyboard */ = {
			isa = PBXVariantGroup;
			children = (
				44437E732297D7BC00EF1F42 /* Base */,
			);
			name = Main.storyboard;
			sourceTree = "<group>";
		};
/* End PBXVariantGroup section */

/* Begin XCBuildConfiguration section */
		44437E692297D72200EF1F42 /* Debug */ = {
			isa = XCBuildConfiguration;
			buildSettings = {
				ALWAYS_SEARCH_USER_PATHS = NO;
				CLANG_ANALYZER_NONNULL = YES;
				CLANG_ANALYZER_NUMBER_OBJECT_CONVERSION = YES_AGGRESSIVE;
				CLANG_CXX_LANGUAGE_STANDARD = "gnu++14";
				CLANG_CXX_LIBRARY = "libc++";
				CLANG_ENABLE_MODULES = YES;
				CLANG_ENABLE_OBJC_ARC = YES;
				CLANG_ENABLE_OBJC_WEAK = YES;
				CLANG_WARN_BLOCK_CAPTURE_AUTORELEASING = YES;
				CLANG_WARN_BOOL_CONVERSION = YES;
				CLANG_WARN_COMMA = YES;
				CLANG_WARN_CONSTANT_CONVERSION = YES;
				CLANG_WARN_DEPRECATED_OBJC_IMPLEMENTATIONS = YES;
				CLANG_WARN_DIRECT_OBJC_ISA_USAGE = YES_ERROR;
				CLANG_WARN_DOCUMENTATION_COMMENTS = YES;
				CLANG_WARN_EMPTY_BODY = YES;
				CLANG_WARN_ENUM_CONVERSION = YES;
				CLANG_WARN_INFINITE_RECURSION = YES;
				CLANG_WARN_INT_CONVERSION = YES;
				CLANG_WARN_NON_LITERAL_NULL_CONVERSION = YES;
				CLANG_WARN_OBJC_IMPLICIT_RETAIN_SELF = YES;
				CLANG_WARN_OBJC_LITERAL_CONVERSION = YES;
				CLANG_WARN_OBJC_ROOT_CLASS = YES_ERROR;
				CLANG_WARN_RANGE_LOOP_ANALYSIS = YES;
				CLANG_WARN_STRICT_PROTOTYPES = YES;
				CLANG_WARN_SUSPICIOUS_MOVE = YES;
				CLANG_WARN_UNGUARDED_AVAILABILITY = YES_AGGRESSIVE;
				CLANG_WARN_UNREACHABLE_CODE = YES;
				CLANG_WARN__DUPLICATE_METHOD_MATCH = YES;
				CODE_SIGN_IDENTITY = "iPhone Developer";
				COPY_PHASE_STRIP = NO;
				DEBUG_INFORMATION_FORMAT = dwarf;
				DEFINES_MODULE = YES;
				ENABLE_STRICT_OBJC_MSGSEND = YES;
				ENABLE_TESTABILITY = YES;
				GCC_C_LANGUAGE_STANDARD = gnu11;
				GCC_DYNAMIC_NO_PIC = NO;
				GCC_NO_COMMON_BLOCKS = YES;
				GCC_OPTIMIZATION_LEVEL = 0;
				GCC_PREPROCESSOR_DEFINITIONS = (
					"DEBUG=1",
					"$(inherited)",
				);
				GCC_WARN_64_TO_32_BIT_CONVERSION = YES;
				GCC_WARN_ABOUT_RETURN_TYPE = YES_ERROR;
				GCC_WARN_UNDECLARED_SELECTOR = YES;
				GCC_WARN_UNINITIALIZED_AUTOS = YES_AGGRESSIVE;
				GCC_WARN_UNUSED_FUNCTION = YES;
				GCC_WARN_UNUSED_VARIABLE = YES;
				IPHONEOS_DEPLOYMENT_TARGET = 12.1;
				MTL_ENABLE_DEBUG_INFO = INCLUDE_SOURCE;
				MTL_FAST_MATH = YES;
				ONLY_ACTIVE_ARCH = YES;
				SDKROOT = iphoneos;
			};
			name = Debug;
		};
		44437E6A2297D72200EF1F42 /* Release */ = {
			isa = XCBuildConfiguration;
			buildSettings = {
				ALWAYS_SEARCH_USER_PATHS = NO;
				CLANG_ANALYZER_NONNULL = YES;
				CLANG_ANALYZER_NUMBER_OBJECT_CONVERSION = YES_AGGRESSIVE;
				CLANG_CXX_LANGUAGE_STANDARD = "gnu++14";
				CLANG_CXX_LIBRARY = "libc++";
				CLANG_ENABLE_MODULES = YES;
				CLANG_ENABLE_OBJC_ARC = YES;
				CLANG_ENABLE_OBJC_WEAK = YES;
				CLANG_WARN_BLOCK_CAPTURE_AUTORELEASING = YES;
				CLANG_WARN_BOOL_CONVERSION = YES;
				CLANG_WARN_COMMA = YES;
				CLANG_WARN_CONSTANT_CONVERSION = YES;
				CLANG_WARN_DEPRECATED_OBJC_IMPLEMENTATIONS = YES;
				CLANG_WARN_DIRECT_OBJC_ISA_USAGE = YES_ERROR;
				CLANG_WARN_DOCUMENTATION_COMMENTS = YES;
				CLANG_WARN_EMPTY_BODY = YES;
				CLANG_WARN_ENUM_CONVERSION = YES;
				CLANG_WARN_INFINITE_RECURSION = YES;
				CLANG_WARN_INT_CONVERSION = YES;
				CLANG_WARN_NON_LITERAL_NULL_CONVERSION = YES;
				CLANG_WARN_OBJC_IMPLICIT_RETAIN_SELF = YES;
				CLANG_WARN_OBJC_LITERAL_CONVERSION = YES;
				CLANG_WARN_OBJC_ROOT_CLASS = YES_ERROR;
				CLANG_WARN_RANGE_LOOP_ANALYSIS = YES;
				CLANG_WARN_STRICT_PROTOTYPES = YES;
				CLANG_WARN_SUSPICIOUS_MOVE = YES;
				CLANG_WARN_UNGUARDED_AVAILABILITY = YES_AGGRESSIVE;
				CLANG_WARN_UNREACHABLE_CODE = YES;
				CLANG_WARN__DUPLICATE_METHOD_MATCH = YES;
				CODE_SIGN_IDENTITY = "iPhone Developer";
				COPY_PHASE_STRIP = NO;
				DEBUG_INFORMATION_FORMAT = "dwarf-with-dsym";
				DEFINES_MODULE = YES;
				ENABLE_NS_ASSERTIONS = NO;
				ENABLE_STRICT_OBJC_MSGSEND = YES;
				GCC_C_LANGUAGE_STANDARD = gnu11;
				GCC_NO_COMMON_BLOCKS = YES;
				GCC_WARN_64_TO_32_BIT_CONVERSION = YES;
				GCC_WARN_ABOUT_RETURN_TYPE = YES_ERROR;
				GCC_WARN_UNDECLARED_SELECTOR = YES;
				GCC_WARN_UNINITIALIZED_AUTOS = YES_AGGRESSIVE;
				GCC_WARN_UNUSED_FUNCTION = YES;
				GCC_WARN_UNUSED_VARIABLE = YES;
				IPHONEOS_DEPLOYMENT_TARGET = 12.1;
				MTL_ENABLE_DEBUG_INFO = NO;
				MTL_FAST_MATH = YES;
				SDKROOT = iphoneos;
				VALIDATE_PRODUCT = YES;
			};
			name = Release;
		};
		44437E6C2297D72200EF1F42 /* Debug */ = {
			isa = XCBuildConfiguration;
			buildSettings = {
				ASSETCATALOG_COMPILER_APPICON_NAME = AppIcon;
				CLANG_ENABLE_MODULES = YES;
				CODE_SIGN_STYLE = Automatic;
				DEVELOPMENT_TEAM = DEURTTZ5DW;
				INFOPLIST_FILE = "$(SRCROOT)/SceneKitComponents/Resources/Info.plist";
				LD_RUNPATH_SEARCH_PATHS = (
					"$(inherited)",
					"@executable_path/Frameworks",
				);
				PRODUCT_BUNDLE_IDENTIFIER = com.nomtek.SceneKitComponents;
				PRODUCT_NAME = "$(TARGET_NAME)";
				SWIFT_OBJC_BRIDGING_HEADER = "SceneKitComponents/Sources/SceneKitComponents-Bridging-Header.h";
				SWIFT_OPTIMIZATION_LEVEL = "-Onone";
				SWIFT_VERSION = 4.2;
				TARGETED_DEVICE_FAMILY = "1,2";
			};
			name = Debug;
		};
		44437E6D2297D72200EF1F42 /* Release */ = {
			isa = XCBuildConfiguration;
			buildSettings = {
				ASSETCATALOG_COMPILER_APPICON_NAME = AppIcon;
				CLANG_ENABLE_MODULES = YES;
				CODE_SIGN_STYLE = Automatic;
				DEVELOPMENT_TEAM = DEURTTZ5DW;
				INFOPLIST_FILE = "$(SRCROOT)/SceneKitComponents/Resources/Info.plist";
				LD_RUNPATH_SEARCH_PATHS = (
					"$(inherited)",
					"@executable_path/Frameworks",
				);
				PRODUCT_BUNDLE_IDENTIFIER = com.nomtek.SceneKitComponents;
				PRODUCT_NAME = "$(TARGET_NAME)";
				SWIFT_OBJC_BRIDGING_HEADER = "SceneKitComponents/Sources/SceneKitComponents-Bridging-Header.h";
				SWIFT_VERSION = 4.2;
				TARGETED_DEVICE_FAMILY = "1,2";
			};
			name = Release;
		};
/* End XCBuildConfiguration section */

/* Begin XCConfigurationList section */
		44437E4E2297D71F00EF1F42 /* Build configuration list for PBXProject "SceneKitComponents" */ = {
			isa = XCConfigurationList;
			buildConfigurations = (
				44437E692297D72200EF1F42 /* Debug */,
				44437E6A2297D72200EF1F42 /* Release */,
			);
			defaultConfigurationIsVisible = 0;
			defaultConfigurationName = Release;
		};
		44437E6B2297D72200EF1F42 /* Build configuration list for PBXNativeTarget "SceneKitComponents" */ = {
			isa = XCConfigurationList;
			buildConfigurations = (
				44437E6C2297D72200EF1F42 /* Debug */,
				44437E6D2297D72200EF1F42 /* Release */,
			);
			defaultConfigurationIsVisible = 0;
			defaultConfigurationName = Release;
		};
/* End XCConfigurationList section */
	};
	rootObject = 44437E4B2297D71F00EF1F42 /* Project object */;
}
