// !$*UTF8*$!
{
	archiveVersion = 1;
	classes = {
	};
	objectVersion = 46;
	objects = {

/* Begin PBXBuildFile section */
		440B1B7422F95BD500A9F754 /* LominoUIApp-Bold.ttf in Resources */ = {isa = PBXBuildFile; fileRef = 440B1B6622F95BD400A9F754 /* LominoUIApp-Bold.ttf */; };
		440B1B7522F95BD500A9F754 /* LominoUIApp-Italic.ttf in Resources */ = {isa = PBXBuildFile; fileRef = 440B1B6722F95BD400A9F754 /* LominoUIApp-Italic.ttf */; };
		440B1B7622F95BD500A9F754 /* LominoUIApp-WideBoldItalic.ttf in Resources */ = {isa = PBXBuildFile; fileRef = 440B1B6822F95BD400A9F754 /* LominoUIApp-WideBoldItalic.ttf */; };
		440B1B7722F95BD500A9F754 /* LominoUIApp-Wide.ttf in Resources */ = {isa = PBXBuildFile; fileRef = 440B1B6922F95BD400A9F754 /* LominoUIApp-Wide.ttf */; };
		440B1B7822F95BD500A9F754 /* LominoUIApp-MediumItalic.ttf in Resources */ = {isa = PBXBuildFile; fileRef = 440B1B6A22F95BD400A9F754 /* LominoUIApp-MediumItalic.ttf */; };
		440B1B7922F95BD500A9F754 /* LominoUIApp-WideItalic.ttf in Resources */ = {isa = PBXBuildFile; fileRef = 440B1B6B22F95BD400A9F754 /* LominoUIApp-WideItalic.ttf */; };
		440B1B7A22F95BD500A9F754 /* LominoUIApp-WideBold.ttf in Resources */ = {isa = PBXBuildFile; fileRef = 440B1B6C22F95BD400A9F754 /* LominoUIApp-WideBold.ttf */; };
		440B1B7B22F95BD500A9F754 /* LominoUIApp-BoldItalic.ttf in Resources */ = {isa = PBXBuildFile; fileRef = 440B1B6D22F95BD400A9F754 /* LominoUIApp-BoldItalic.ttf */; };
		440B1B7C22F95BD500A9F754 /* LominoUIApp-LightItalic.ttf in Resources */ = {isa = PBXBuildFile; fileRef = 440B1B6E22F95BD400A9F754 /* LominoUIApp-LightItalic.ttf */; };
		440B1B7D22F95BD500A9F754 /* LominoUIApp-ExtraBoldItalic.ttf in Resources */ = {isa = PBXBuildFile; fileRef = 440B1B6F22F95BD400A9F754 /* LominoUIApp-ExtraBoldItalic.ttf */; };
		440B1B7E22F95BD500A9F754 /* LominoUIApp-Light.ttf in Resources */ = {isa = PBXBuildFile; fileRef = 440B1B7022F95BD400A9F754 /* LominoUIApp-Light.ttf */; };
		440B1B7F22F95BD500A9F754 /* LominoUIApp-ExtraBold.ttf in Resources */ = {isa = PBXBuildFile; fileRef = 440B1B7122F95BD400A9F754 /* LominoUIApp-ExtraBold.ttf */; };
		440B1B8022F95BD500A9F754 /* LominoUIApp-Medium.ttf in Resources */ = {isa = PBXBuildFile; fileRef = 440B1B7222F95BD400A9F754 /* LominoUIApp-Medium.ttf */; };
		440B1B8122F95BD500A9F754 /* LominoUIApp-Regular.ttf in Resources */ = {isa = PBXBuildFile; fileRef = 440B1B7322F95BD400A9F754 /* LominoUIApp-Regular.ttf */; };
		440B1B8222F95BED00A9F754 /* LominoUIApp-Bold.ttf in Resources */ = {isa = PBXBuildFile; fileRef = 440B1B6622F95BD400A9F754 /* LominoUIApp-Bold.ttf */; };
		440B1B8322F95BED00A9F754 /* LominoUIApp-Italic.ttf in Resources */ = {isa = PBXBuildFile; fileRef = 440B1B6722F95BD400A9F754 /* LominoUIApp-Italic.ttf */; };
		440B1B8422F95BED00A9F754 /* LominoUIApp-WideBoldItalic.ttf in Resources */ = {isa = PBXBuildFile; fileRef = 440B1B6822F95BD400A9F754 /* LominoUIApp-WideBoldItalic.ttf */; };
		440B1B8522F95BED00A9F754 /* LominoUIApp-Wide.ttf in Resources */ = {isa = PBXBuildFile; fileRef = 440B1B6922F95BD400A9F754 /* LominoUIApp-Wide.ttf */; };
		440B1B8622F95BED00A9F754 /* LominoUIApp-MediumItalic.ttf in Resources */ = {isa = PBXBuildFile; fileRef = 440B1B6A22F95BD400A9F754 /* LominoUIApp-MediumItalic.ttf */; };
		440B1B8722F95BED00A9F754 /* LominoUIApp-WideItalic.ttf in Resources */ = {isa = PBXBuildFile; fileRef = 440B1B6B22F95BD400A9F754 /* LominoUIApp-WideItalic.ttf */; };
		440B1B8822F95BED00A9F754 /* LominoUIApp-WideBold.ttf in Resources */ = {isa = PBXBuildFile; fileRef = 440B1B6C22F95BD400A9F754 /* LominoUIApp-WideBold.ttf */; };
		440B1B8922F95BED00A9F754 /* LominoUIApp-BoldItalic.ttf in Resources */ = {isa = PBXBuildFile; fileRef = 440B1B6D22F95BD400A9F754 /* LominoUIApp-BoldItalic.ttf */; };
		440B1B8A22F95BED00A9F754 /* LominoUIApp-LightItalic.ttf in Resources */ = {isa = PBXBuildFile; fileRef = 440B1B6E22F95BD400A9F754 /* LominoUIApp-LightItalic.ttf */; };
		440B1B8B22F95BED00A9F754 /* LominoUIApp-ExtraBoldItalic.ttf in Resources */ = {isa = PBXBuildFile; fileRef = 440B1B6F22F95BD400A9F754 /* LominoUIApp-ExtraBoldItalic.ttf */; };
		440B1B8C22F95BED00A9F754 /* LominoUIApp-Light.ttf in Resources */ = {isa = PBXBuildFile; fileRef = 440B1B7022F95BD400A9F754 /* LominoUIApp-Light.ttf */; };
		440B1B8D22F95BED00A9F754 /* LominoUIApp-ExtraBold.ttf in Resources */ = {isa = PBXBuildFile; fileRef = 440B1B7122F95BD400A9F754 /* LominoUIApp-ExtraBold.ttf */; };
		440B1B8E22F95BED00A9F754 /* LominoUIApp-Medium.ttf in Resources */ = {isa = PBXBuildFile; fileRef = 440B1B7222F95BD400A9F754 /* LominoUIApp-Medium.ttf */; };
		440B1B8F22F95BED00A9F754 /* LominoUIApp-Regular.ttf in Resources */ = {isa = PBXBuildFile; fileRef = 440B1B7322F95BD400A9F754 /* LominoUIApp-Regular.ttf */; };
		440B1B9122F95C5C00A9F754 /* Font.swift in Sources */ = {isa = PBXBuildFile; fileRef = 440B1B9022F95C5C00A9F754 /* Font.swift */; };
		440B1B9322F971F100A9F754 /* Bundle.swift in Sources */ = {isa = PBXBuildFile; fileRef = 440B1B9222F971F100A9F754 /* Bundle.swift */; };
		44107CEE22E888070007CBF5 /* UiGridLayoutNode.swift in Sources */ = {isa = PBXBuildFile; fileRef = 44107CED22E888070007CBF5 /* UiGridLayoutNode.swift */; };
		442463BE22DCBFCA00FD4ABB /* LabelNode.swift in Sources */ = {isa = PBXBuildFile; fileRef = 442463BD22DCBFC900FD4ABB /* LabelNode.swift */; };
		44318E6422CB44B60060575D /* ImageAssets.swift in Sources */ = {isa = PBXBuildFile; fileRef = 44318E6322CB44B60060575D /* ImageAssets.swift */; };
		44318E9522CB4E9A0060575D /* Images.xcassets in Resources */ = {isa = PBXBuildFile; fileRef = 44318E5F22CB424A0060575D /* Images.xcassets */; };
		44318EB622CE28EA0060575D /* OutlineNode.swift in Sources */ = {isa = PBXBuildFile; fileRef = 44318EB522CE28EA0060575D /* OutlineNode.swift */; };
		44318EB822CE29250060575D /* Measures.swift in Sources */ = {isa = PBXBuildFile; fileRef = 44318EB722CE29250060575D /* Measures.swift */; };
		44318EBA22CE29CA0060575D /* UiTextEditNode.swift in Sources */ = {isa = PBXBuildFile; fileRef = 44318EB922CE29CA0060575D /* UiTextEditNode.swift */; };
		4447D48922BC2BC40043CA89 /* GLTFSceneSource.swift in Sources */ = {isa = PBXBuildFile; fileRef = 4447D45522BC2BC30043CA89 /* GLTFSceneSource.swift */; };
		4447D48A22BC2BC40043CA89 /* GLTFUnarchiver.swift in Sources */ = {isa = PBXBuildFile; fileRef = 4447D45622BC2BC30043CA89 /* GLTFUnarchiver.swift */; };
		4447D48B22BC2BC40043CA89 /* GLTFErrors.swift in Sources */ = {isa = PBXBuildFile; fileRef = 4447D45822BC2BC30043CA89 /* GLTFErrors.swift */; };
		4447D48C22BC2BC40043CA89 /* GLTFScene.swift in Sources */ = {isa = PBXBuildFile; fileRef = 4447D45A22BC2BC30043CA89 /* GLTFScene.swift */; };
		4447D48D22BC2BC40043CA89 /* GLTFGlTFChildOfRootProperty.swift in Sources */ = {isa = PBXBuildFile; fileRef = 4447D45B22BC2BC30043CA89 /* GLTFGlTFChildOfRootProperty.swift */; };
		4447D48E22BC2BC40043CA89 /* GLTFCameraOrthographic.swift in Sources */ = {isa = PBXBuildFile; fileRef = 4447D45C22BC2BC30043CA89 /* GLTFCameraOrthographic.swift */; };
		4447D48F22BC2BC40043CA89 /* GLTFGlTF.swift in Sources */ = {isa = PBXBuildFile; fileRef = 4447D45D22BC2BC30043CA89 /* GLTFGlTF.swift */; };
		4447D49022BC2BC40043CA89 /* GLTFAnimationChannelTarget.swift in Sources */ = {isa = PBXBuildFile; fileRef = 4447D45E22BC2BC30043CA89 /* GLTFAnimationChannelTarget.swift */; };
		4447D49122BC2BC40043CA89 /* GLTFAnimationSampler.swift in Sources */ = {isa = PBXBuildFile; fileRef = 4447D45F22BC2BC30043CA89 /* GLTFAnimationSampler.swift */; };
		4447D49222BC2BC40043CA89 /* GLTFTexture.swift in Sources */ = {isa = PBXBuildFile; fileRef = 4447D46022BC2BC30043CA89 /* GLTFTexture.swift */; };
		4447D49322BC2BC40043CA89 /* GLTFTextureInfo.swift in Sources */ = {isa = PBXBuildFile; fileRef = 4447D46122BC2BC30043CA89 /* GLTFTextureInfo.swift */; };
		4447D49422BC2BC40043CA89 /* GLTFSampler.swift in Sources */ = {isa = PBXBuildFile; fileRef = 4447D46222BC2BC30043CA89 /* GLTFSampler.swift */; };
		4447D49522BC2BC40043CA89 /* GLTFBufferView.swift in Sources */ = {isa = PBXBuildFile; fileRef = 4447D46322BC2BC30043CA89 /* GLTFBufferView.swift */; };
		4447D49622BC2BC40043CA89 /* GLTFMesh.swift in Sources */ = {isa = PBXBuildFile; fileRef = 4447D46422BC2BC30043CA89 /* GLTFMesh.swift */; };
		4447D49722BC2BC40043CA89 /* GLTFGlTFProperty.swift in Sources */ = {isa = PBXBuildFile; fileRef = 4447D46522BC2BC30043CA89 /* GLTFGlTFProperty.swift */; };
		4447D49822BC2BC40043CA89 /* GLTFBuffer.swift in Sources */ = {isa = PBXBuildFile; fileRef = 4447D46622BC2BC30043CA89 /* GLTFBuffer.swift */; };
		4447D49922BC2BC40043CA89 /* GLTFImage.swift in Sources */ = {isa = PBXBuildFile; fileRef = 4447D46722BC2BC30043CA89 /* GLTFImage.swift */; };
		4447D49A22BC2BC40043CA89 /* GLTFExtras.swift in Sources */ = {isa = PBXBuildFile; fileRef = 4447D46822BC2BC30043CA89 /* GLTFExtras.swift */; };
		4447D49B22BC2BC40043CA89 /* GLTFAccessor.swift in Sources */ = {isa = PBXBuildFile; fileRef = 4447D46922BC2BC30043CA89 /* GLTFAccessor.swift */; };
		4447D49C22BC2BC40043CA89 /* GLTFExtension.swift in Sources */ = {isa = PBXBuildFile; fileRef = 4447D46A22BC2BC30043CA89 /* GLTFExtension.swift */; };
		4447D49D22BC2BC40043CA89 /* GLTFMaterialNormalTextureInfo.swift in Sources */ = {isa = PBXBuildFile; fileRef = 4447D46B22BC2BC30043CA89 /* GLTFMaterialNormalTextureInfo.swift */; };
		4447D49E22BC2BC40043CA89 /* ExtensionList.swift in Sources */ = {isa = PBXBuildFile; fileRef = 4447D46D22BC2BC30043CA89 /* ExtensionList.swift */; };
		4447D49F22BC2BC40043CA89 /* GLTFKHRMaterialsCommon_GLTFKHRMaterialsCommon.swift in Sources */ = {isa = PBXBuildFile; fileRef = 4447D46F22BC2BC30043CA89 /* GLTFKHRMaterialsCommon_GLTFKHRMaterialsCommon.swift */; };
		4447D4A022BC2BC40043CA89 /* GLTFKHRMaterialsPbrSpecularGlossiness_GLTFKHRMaterialsPbrSpecularGlossiness.swift in Sources */ = {isa = PBXBuildFile; fileRef = 4447D47322BC2BC30043CA89 /* GLTFKHRMaterialsPbrSpecularGlossiness_GLTFKHRMaterialsPbrSpecularGlossiness.swift */; };
		4447D4A122BC2BC40043CA89 /* GLTFAnimationChannel.swift in Sources */ = {isa = PBXBuildFile; fileRef = 4447D47522BC2BC30043CA89 /* GLTFAnimationChannel.swift */; };
		4447D4A222BC2BC40043CA89 /* GLTFMaterial.swift in Sources */ = {isa = PBXBuildFile; fileRef = 4447D47622BC2BC30043CA89 /* GLTFMaterial.swift */; };
		4447D4A322BC2BC40043CA89 /* GLTFSkin.swift in Sources */ = {isa = PBXBuildFile; fileRef = 4447D47722BC2BC30043CA89 /* GLTFSkin.swift */; };
		4447D4A422BC2BC40043CA89 /* GLTFCamera.swift in Sources */ = {isa = PBXBuildFile; fileRef = 4447D47822BC2BC30043CA89 /* GLTFCamera.swift */; };
		4447D4A522BC2BC40043CA89 /* GLTFAccessorSparse.swift in Sources */ = {isa = PBXBuildFile; fileRef = 4447D47922BC2BC30043CA89 /* GLTFAccessorSparse.swift */; };
		4447D4A622BC2BC40043CA89 /* GLTFMaterialOcclusionTextureInfo.swift in Sources */ = {isa = PBXBuildFile; fileRef = 4447D47A22BC2BC30043CA89 /* GLTFMaterialOcclusionTextureInfo.swift */; };
		4447D4A722BC2BC40043CA89 /* GLTFMaterialPbrMetallicRoughness.swift in Sources */ = {isa = PBXBuildFile; fileRef = 4447D47B22BC2BC30043CA89 /* GLTFMaterialPbrMetallicRoughness.swift */; };
		4447D4A822BC2BC40043CA89 /* GLTFNode.swift in Sources */ = {isa = PBXBuildFile; fileRef = 4447D47C22BC2BC30043CA89 /* GLTFNode.swift */; };
		4447D4A922BC2BC40043CA89 /* GLTFAccessorSparseValues.swift in Sources */ = {isa = PBXBuildFile; fileRef = 4447D47D22BC2BC30043CA89 /* GLTFAccessorSparseValues.swift */; };
		4447D4AA22BC2BC40043CA89 /* GLTFAnimation.swift in Sources */ = {isa = PBXBuildFile; fileRef = 4447D47E22BC2BC30043CA89 /* GLTFAnimation.swift */; };
		4447D4AB22BC2BC40043CA89 /* GLTFAsset.swift in Sources */ = {isa = PBXBuildFile; fileRef = 4447D47F22BC2BC30043CA89 /* GLTFAsset.swift */; };
		4447D4AC22BC2BC40043CA89 /* GLTFGlTFid.swift in Sources */ = {isa = PBXBuildFile; fileRef = 4447D48022BC2BC30043CA89 /* GLTFGlTFid.swift */; };
		4447D4AD22BC2BC40043CA89 /* GLTFAccessorSparseIndices.swift in Sources */ = {isa = PBXBuildFile; fileRef = 4447D48122BC2BC30043CA89 /* GLTFAccessorSparseIndices.swift */; };
		4447D4AE22BC2BC40043CA89 /* GLTFCameraPerspective.swift in Sources */ = {isa = PBXBuildFile; fileRef = 4447D48222BC2BC30043CA89 /* GLTFCameraPerspective.swift */; };
		4447D4AF22BC2BC40043CA89 /* GLTFMeshPrimitive.swift in Sources */ = {isa = PBXBuildFile; fileRef = 4447D48322BC2BC30043CA89 /* GLTFMeshPrimitive.swift */; };
		4447D4B022BC2BC40043CA89 /* GLTFFunctions.swift in Sources */ = {isa = PBXBuildFile; fileRef = 4447D48522BC2BC30043CA89 /* GLTFFunctions.swift */; };
		4447D4B122BC2BC40043CA89 /* GLTFTypes.swift in Sources */ = {isa = PBXBuildFile; fileRef = 4447D48622BC2BC30043CA89 /* GLTFTypes.swift */; };
		4447D54322BCC3BB0043CA89 /* GLTFShaderModifier.swift in Sources */ = {isa = PBXBuildFile; fileRef = 4447D54222BCC3BB0043CA89 /* GLTFShaderModifier.swift */; };
		4461548522CA413100159F18 /* UiSpinnerNode.swift in Sources */ = {isa = PBXBuildFile; fileRef = 4461548422CA413100159F18 /* UiSpinnerNode.swift */; };
		446A927922DDE5CA00B4C12D /* Consts.swift in Sources */ = {isa = PBXBuildFile; fileRef = 446A927822DDE5CA00B4C12D /* Consts.swift */; };
		4471C4FA22F5A61C00C8C5EC /* UiLineNode.swift in Sources */ = {isa = PBXBuildFile; fileRef = 4471C4F922F5A61B00C8C5EC /* UiLineNode.swift */; };
		4471C4FC22F5A68A00C8C5EC /* RenderNode.swift in Sources */ = {isa = PBXBuildFile; fileRef = 4471C4FB22F5A68A00C8C5EC /* RenderNode.swift */; };
		447A017922B4494100C9C75F /* Convert.swift in Sources */ = {isa = PBXBuildFile; fileRef = 447A017822B4494100C9C75F /* Convert.swift */; };
		447A017C22B462EB00C9C75F /* RCTConvert+Components.m in Sources */ = {isa = PBXBuildFile; fileRef = 447A017B22B462EB00C9C75F /* RCTConvert+Components.m */; };
		447C23EB22F05DD700F9A8F6 /* UiToggleNode.swift in Sources */ = {isa = PBXBuildFile; fileRef = 447C23EA22F05DD700F9A8F6 /* UiToggleNode.swift */; };
		447C246022F2CF2700F9A8F6 /* UiSliderNode.swift in Sources */ = {isa = PBXBuildFile; fileRef = 447C245F22F2CF2700F9A8F6 /* UiSliderNode.swift */; };
		447C246222F2CF3600F9A8F6 /* UiProgressBarNode.swift in Sources */ = {isa = PBXBuildFile; fileRef = 447C246122F2CF3600F9A8F6 /* UiProgressBarNode.swift */; };
		447F283422F3049C00858461 /* UIImage+Extension.swift in Sources */ = {isa = PBXBuildFile; fileRef = 447F283322F3049C00858461 /* UIImage+Extension.swift */; };
		449AF45A22B247C40046938D /* AREventsManager.m in Sources */ = {isa = PBXBuildFile; fileRef = 449AF44D22B247C40046938D /* AREventsManager.m */; };
		449AF45C22B247C40046938D /* ARComponentManager.m in Sources */ = {isa = PBXBuildFile; fileRef = 449AF44F22B247C40046938D /* ARComponentManager.m */; };
		449AF45E22B247C40046938D /* RCTARView.m in Sources */ = {isa = PBXBuildFile; fileRef = 449AF45322B247C40046938D /* RCTARView.m */; };
		449AF45F22B247C40046938D /* RCTARViewManager.m in Sources */ = {isa = PBXBuildFile; fileRef = 449AF45722B247C40046938D /* RCTARViewManager.m */; };
		449AF49822B248090046938D /* TransformNode.swift in Sources */ = {isa = PBXBuildFile; fileRef = 449AF48822B248090046938D /* TransformNode.swift */; };
		449AF49922B248090046938D /* UiNode.swift in Sources */ = {isa = PBXBuildFile; fileRef = 449AF48922B248090046938D /* UiNode.swift */; };
		449AF49A22B248090046938D /* UiGroupNode.swift in Sources */ = {isa = PBXBuildFile; fileRef = 449AF48B22B248090046938D /* UiGroupNode.swift */; };
		449AF49B22B248090046938D /* UiTextNode.swift in Sources */ = {isa = PBXBuildFile; fileRef = 449AF48C22B248090046938D /* UiTextNode.swift */; };
		449AF49C22B248090046938D /* UiImageNode.swift in Sources */ = {isa = PBXBuildFile; fileRef = 449AF48D22B248090046938D /* UiImageNode.swift */; };
		449AF49D22B248090046938D /* UiButtonNode.swift in Sources */ = {isa = PBXBuildFile; fileRef = 449AF48E22B248090046938D /* UiButtonNode.swift */; };
		449AF49E22B248090046938D /* SCNBBoxNode.swift in Sources */ = {isa = PBXBuildFile; fileRef = 449AF49022B248090046938D /* SCNBBoxNode.swift */; };
		449AF49F22B248090046938D /* SCNRectangle.swift in Sources */ = {isa = PBXBuildFile; fileRef = 449AF49122B248090046938D /* SCNRectangle.swift */; };
		449AF4A022B248090046938D /* SCNNode+Debug.swift in Sources */ = {isa = PBXBuildFile; fileRef = 449AF49222B248090046938D /* SCNNode+Debug.swift */; };
		449AF4A122B248090046938D /* Maths.swift in Sources */ = {isa = PBXBuildFile; fileRef = 449AF49322B248090046938D /* Maths.swift */; };
		449AF4A222B248090046938D /* SCNQuaternionExtension.swift in Sources */ = {isa = PBXBuildFile; fileRef = 449AF49422B248090046938D /* SCNQuaternionExtension.swift */; };
		449AF4A322B248090046938D /* SCNMatrix4Extension.swift in Sources */ = {isa = PBXBuildFile; fileRef = 449AF49522B248090046938D /* SCNMatrix4Extension.swift */; };
		449AF4A422B248090046938D /* SCNVector3Extension.swift in Sources */ = {isa = PBXBuildFile; fileRef = 449AF49622B248090046938D /* SCNVector3Extension.swift */; };
		449AF4A522B248090046938D /* UiNodesManager.swift in Sources */ = {isa = PBXBuildFile; fileRef = 449AF49722B248090046938D /* UiNodesManager.swift */; };
		44FA561C22B7A0EA00B42251 /* UiModelNode.swift in Sources */ = {isa = PBXBuildFile; fileRef = 44FA561B22B7A0EA00B42251 /* UiModelNode.swift */; };
/* End PBXBuildFile section */

/* Begin PBXContainerItemProxy section */
		44318E9E22CB56A00060575D /* PBXContainerItemProxy */ = {
			isa = PBXContainerItemProxy;
			containerPortal = 58B511D31A9E6C8500147676 /* Project object */;
			proxyType = 1;
			remoteGlobalIDString = 44318E8E22CB4E0C0060575D;
			remoteInfo = RNMagicScriptResources;
		};
		7D4DF2FF22FCA7D700407B0B /* PBXContainerItemProxy */ = {
			isa = PBXContainerItemProxy;
			containerPortal = 7D4DF2EC22FCA7D700407B0B /* React.xcodeproj */;
			proxyType = 2;
			remoteGlobalIDString = 83CBBA2E1A601D0E00E9B192;
			remoteInfo = React;
		};
		7D4DF30122FCA7D700407B0B /* PBXContainerItemProxy */ = {
			isa = PBXContainerItemProxy;
			containerPortal = 7D4DF2EC22FCA7D700407B0B /* React.xcodeproj */;
			proxyType = 2;
			remoteGlobalIDString = 2D2A28131D9B038B00D4039D;
			remoteInfo = "React-tvOS";
		};
		7D4DF30322FCA7D700407B0B /* PBXContainerItemProxy */ = {
			isa = PBXContainerItemProxy;
			containerPortal = 7D4DF2EC22FCA7D700407B0B /* React.xcodeproj */;
			proxyType = 2;
			remoteGlobalIDString = 3D3C059A1DE3340900C268FA;
			remoteInfo = yoga;
		};
		7D4DF30522FCA7D700407B0B /* PBXContainerItemProxy */ = {
			isa = PBXContainerItemProxy;
			containerPortal = 7D4DF2EC22FCA7D700407B0B /* React.xcodeproj */;
			proxyType = 2;
			remoteGlobalIDString = 3D3C06751DE3340C00C268FA;
			remoteInfo = "yoga-tvOS";
		};
		7D4DF30722FCA7D700407B0B /* PBXContainerItemProxy */ = {
			isa = PBXContainerItemProxy;
			containerPortal = 7D4DF2EC22FCA7D700407B0B /* React.xcodeproj */;
			proxyType = 2;
			remoteGlobalIDString = 3D3CD9251DE5FBEC00167DC4;
			remoteInfo = cxxreact;
		};
		7D4DF30922FCA7D700407B0B /* PBXContainerItemProxy */ = {
			isa = PBXContainerItemProxy;
			containerPortal = 7D4DF2EC22FCA7D700407B0B /* React.xcodeproj */;
			proxyType = 2;
			remoteGlobalIDString = 3D3CD9321DE5FBEE00167DC4;
			remoteInfo = "cxxreact-tvOS";
		};
		7D4DF30B22FCA7D700407B0B /* PBXContainerItemProxy */ = {
			isa = PBXContainerItemProxy;
			containerPortal = 7D4DF2EC22FCA7D700407B0B /* React.xcodeproj */;
			proxyType = 2;
			remoteGlobalIDString = EBF21BDC1FC498900052F4D5;
			remoteInfo = jsinspector;
		};
		7D4DF30D22FCA7D700407B0B /* PBXContainerItemProxy */ = {
			isa = PBXContainerItemProxy;
			containerPortal = 7D4DF2EC22FCA7D700407B0B /* React.xcodeproj */;
			proxyType = 2;
			remoteGlobalIDString = EBF21BFA1FC4989A0052F4D5;
			remoteInfo = "jsinspector-tvOS";
		};
		7D4DF30F22FCA7D700407B0B /* PBXContainerItemProxy */ = {
			isa = PBXContainerItemProxy;
			containerPortal = 7D4DF2EC22FCA7D700407B0B /* React.xcodeproj */;
			proxyType = 2;
			remoteGlobalIDString = 139D7ECE1E25DB7D00323FB7;
			remoteInfo = "third-party";
		};
		7D4DF31122FCA7D700407B0B /* PBXContainerItemProxy */ = {
			isa = PBXContainerItemProxy;
			containerPortal = 7D4DF2EC22FCA7D700407B0B /* React.xcodeproj */;
			proxyType = 2;
			remoteGlobalIDString = 3D383D3C1EBD27B6005632C8;
			remoteInfo = "third-party-tvOS";
		};
		7D4DF31322FCA7D700407B0B /* PBXContainerItemProxy */ = {
			isa = PBXContainerItemProxy;
			containerPortal = 7D4DF2EC22FCA7D700407B0B /* React.xcodeproj */;
			proxyType = 2;
			remoteGlobalIDString = 139D7E881E25C6D100323FB7;
			remoteInfo = "double-conversion";
		};
		7D4DF31522FCA7D700407B0B /* PBXContainerItemProxy */ = {
			isa = PBXContainerItemProxy;
			containerPortal = 7D4DF2EC22FCA7D700407B0B /* React.xcodeproj */;
			proxyType = 2;
			remoteGlobalIDString = 3D383D621EBD27B9005632C8;
			remoteInfo = "double-conversion-tvOS";
		};
		7D4DF31722FCA7D700407B0B /* PBXContainerItemProxy */ = {
			isa = PBXContainerItemProxy;
			containerPortal = 7D4DF2EC22FCA7D700407B0B /* React.xcodeproj */;
			proxyType = 2;
			remoteGlobalIDString = EDEBC6D6214B3E7000DD5AC8;
			remoteInfo = jsi;
		};
		7D4DF31922FCA7D700407B0B /* PBXContainerItemProxy */ = {
			isa = PBXContainerItemProxy;
			containerPortal = 7D4DF2EC22FCA7D700407B0B /* React.xcodeproj */;
			proxyType = 2;
			remoteGlobalIDString = EDEBC73B214B45A300DD5AC8;
			remoteInfo = jsiexecutor;
		};
		7D4DF31B22FCA7D700407B0B /* PBXContainerItemProxy */ = {
			isa = PBXContainerItemProxy;
			containerPortal = 7D4DF2EC22FCA7D700407B0B /* React.xcodeproj */;
			proxyType = 2;
			remoteGlobalIDString = ED296FB6214C9A0900B7C4FE;
			remoteInfo = "jsi-tvOS";
		};
		7D4DF31D22FCA7D700407B0B /* PBXContainerItemProxy */ = {
			isa = PBXContainerItemProxy;
			containerPortal = 7D4DF2EC22FCA7D700407B0B /* React.xcodeproj */;
			proxyType = 2;
			remoteGlobalIDString = ED296FEE214C9CF800B7C4FE;
			remoteInfo = "jsiexecutor-tvOS";
		};
/* End PBXContainerItemProxy section */

/* Begin PBXCopyFilesBuildPhase section */
		58B511D91A9E6C8500147676 /* CopyFiles */ = {
			isa = PBXCopyFilesBuildPhase;
			buildActionMask = 2147483647;
			dstPath = "";
			dstSubfolderSpec = 10;
			files = (
			);
			runOnlyForDeploymentPostprocessing = 0;
		};
/* End PBXCopyFilesBuildPhase section */

/* Begin PBXFileReference section */
		134814201AA4EA6300B7C361 /* libRNMagicScript.a */ = {isa = PBXFileReference; explicitFileType = archive.ar; includeInIndex = 0; path = libRNMagicScript.a; sourceTree = BUILT_PRODUCTS_DIR; };
		440B1B6622F95BD400A9F754 /* LominoUIApp-Bold.ttf */ = {isa = PBXFileReference; lastKnownFileType = file; path = "LominoUIApp-Bold.ttf"; sourceTree = "<group>"; };
		440B1B6722F95BD400A9F754 /* LominoUIApp-Italic.ttf */ = {isa = PBXFileReference; lastKnownFileType = file; path = "LominoUIApp-Italic.ttf"; sourceTree = "<group>"; };
		440B1B6822F95BD400A9F754 /* LominoUIApp-WideBoldItalic.ttf */ = {isa = PBXFileReference; lastKnownFileType = file; path = "LominoUIApp-WideBoldItalic.ttf"; sourceTree = "<group>"; };
		440B1B6922F95BD400A9F754 /* LominoUIApp-Wide.ttf */ = {isa = PBXFileReference; lastKnownFileType = file; path = "LominoUIApp-Wide.ttf"; sourceTree = "<group>"; };
		440B1B6A22F95BD400A9F754 /* LominoUIApp-MediumItalic.ttf */ = {isa = PBXFileReference; lastKnownFileType = file; path = "LominoUIApp-MediumItalic.ttf"; sourceTree = "<group>"; };
		440B1B6B22F95BD400A9F754 /* LominoUIApp-WideItalic.ttf */ = {isa = PBXFileReference; lastKnownFileType = file; path = "LominoUIApp-WideItalic.ttf"; sourceTree = "<group>"; };
		440B1B6C22F95BD400A9F754 /* LominoUIApp-WideBold.ttf */ = {isa = PBXFileReference; lastKnownFileType = file; path = "LominoUIApp-WideBold.ttf"; sourceTree = "<group>"; };
		440B1B6D22F95BD400A9F754 /* LominoUIApp-BoldItalic.ttf */ = {isa = PBXFileReference; lastKnownFileType = file; path = "LominoUIApp-BoldItalic.ttf"; sourceTree = "<group>"; };
		440B1B6E22F95BD400A9F754 /* LominoUIApp-LightItalic.ttf */ = {isa = PBXFileReference; lastKnownFileType = file; path = "LominoUIApp-LightItalic.ttf"; sourceTree = "<group>"; };
		440B1B6F22F95BD400A9F754 /* LominoUIApp-ExtraBoldItalic.ttf */ = {isa = PBXFileReference; lastKnownFileType = file; path = "LominoUIApp-ExtraBoldItalic.ttf"; sourceTree = "<group>"; };
		440B1B7022F95BD400A9F754 /* LominoUIApp-Light.ttf */ = {isa = PBXFileReference; lastKnownFileType = file; path = "LominoUIApp-Light.ttf"; sourceTree = "<group>"; };
		440B1B7122F95BD400A9F754 /* LominoUIApp-ExtraBold.ttf */ = {isa = PBXFileReference; lastKnownFileType = file; path = "LominoUIApp-ExtraBold.ttf"; sourceTree = "<group>"; };
		440B1B7222F95BD400A9F754 /* LominoUIApp-Medium.ttf */ = {isa = PBXFileReference; lastKnownFileType = file; path = "LominoUIApp-Medium.ttf"; sourceTree = "<group>"; };
		440B1B7322F95BD400A9F754 /* LominoUIApp-Regular.ttf */ = {isa = PBXFileReference; lastKnownFileType = file; path = "LominoUIApp-Regular.ttf"; sourceTree = "<group>"; };
		440B1B9022F95C5C00A9F754 /* Font.swift */ = {isa = PBXFileReference; lastKnownFileType = sourcecode.swift; path = Font.swift; sourceTree = "<group>"; };
		440B1B9222F971F100A9F754 /* Bundle.swift */ = {isa = PBXFileReference; lastKnownFileType = sourcecode.swift; path = Bundle.swift; sourceTree = "<group>"; };
		44107CED22E888070007CBF5 /* UiGridLayoutNode.swift */ = {isa = PBXFileReference; lastKnownFileType = sourcecode.swift; path = UiGridLayoutNode.swift; sourceTree = "<group>"; };
		442463BD22DCBFC900FD4ABB /* LabelNode.swift */ = {isa = PBXFileReference; fileEncoding = 4; lastKnownFileType = sourcecode.swift; path = LabelNode.swift; sourceTree = "<group>"; };
		44318E5F22CB424A0060575D /* Images.xcassets */ = {isa = PBXFileReference; lastKnownFileType = folder.assetcatalog; path = Images.xcassets; sourceTree = "<group>"; };
		44318E6322CB44B60060575D /* ImageAssets.swift */ = {isa = PBXFileReference; lastKnownFileType = sourcecode.swift; path = ImageAssets.swift; sourceTree = "<group>"; };
		44318E8F22CB4E0C0060575D /* RNMagicScriptResources.bundle */ = {isa = PBXFileReference; explicitFileType = wrapper.cfbundle; includeInIndex = 0; path = RNMagicScriptResources.bundle; sourceTree = BUILT_PRODUCTS_DIR; };
		44318E9122CB4E0C0060575D /* Info.plist */ = {isa = PBXFileReference; lastKnownFileType = text.plist.xml; path = Info.plist; sourceTree = "<group>"; };
		44318EB522CE28EA0060575D /* OutlineNode.swift */ = {isa = PBXFileReference; fileEncoding = 4; lastKnownFileType = sourcecode.swift; path = OutlineNode.swift; sourceTree = "<group>"; };
		44318EB722CE29250060575D /* Measures.swift */ = {isa = PBXFileReference; fileEncoding = 4; lastKnownFileType = sourcecode.swift; path = Measures.swift; sourceTree = "<group>"; };
		44318EB922CE29CA0060575D /* UiTextEditNode.swift */ = {isa = PBXFileReference; fileEncoding = 4; lastKnownFileType = sourcecode.swift; path = UiTextEditNode.swift; sourceTree = "<group>"; };
		4447D45522BC2BC30043CA89 /* GLTFSceneSource.swift */ = {isa = PBXFileReference; fileEncoding = 4; lastKnownFileType = sourcecode.swift; path = GLTFSceneSource.swift; sourceTree = "<group>"; };
		4447D45622BC2BC30043CA89 /* GLTFUnarchiver.swift */ = {isa = PBXFileReference; fileEncoding = 4; lastKnownFileType = sourcecode.swift; path = GLTFUnarchiver.swift; sourceTree = "<group>"; };
		4447D45822BC2BC30043CA89 /* GLTFErrors.swift */ = {isa = PBXFileReference; fileEncoding = 4; lastKnownFileType = sourcecode.swift; path = GLTFErrors.swift; sourceTree = "<group>"; };
		4447D45A22BC2BC30043CA89 /* GLTFScene.swift */ = {isa = PBXFileReference; fileEncoding = 4; lastKnownFileType = sourcecode.swift; path = GLTFScene.swift; sourceTree = "<group>"; };
		4447D45B22BC2BC30043CA89 /* GLTFGlTFChildOfRootProperty.swift */ = {isa = PBXFileReference; fileEncoding = 4; lastKnownFileType = sourcecode.swift; path = GLTFGlTFChildOfRootProperty.swift; sourceTree = "<group>"; };
		4447D45C22BC2BC30043CA89 /* GLTFCameraOrthographic.swift */ = {isa = PBXFileReference; fileEncoding = 4; lastKnownFileType = sourcecode.swift; path = GLTFCameraOrthographic.swift; sourceTree = "<group>"; };
		4447D45D22BC2BC30043CA89 /* GLTFGlTF.swift */ = {isa = PBXFileReference; fileEncoding = 4; lastKnownFileType = sourcecode.swift; path = GLTFGlTF.swift; sourceTree = "<group>"; };
		4447D45E22BC2BC30043CA89 /* GLTFAnimationChannelTarget.swift */ = {isa = PBXFileReference; fileEncoding = 4; lastKnownFileType = sourcecode.swift; path = GLTFAnimationChannelTarget.swift; sourceTree = "<group>"; };
		4447D45F22BC2BC30043CA89 /* GLTFAnimationSampler.swift */ = {isa = PBXFileReference; fileEncoding = 4; lastKnownFileType = sourcecode.swift; path = GLTFAnimationSampler.swift; sourceTree = "<group>"; };
		4447D46022BC2BC30043CA89 /* GLTFTexture.swift */ = {isa = PBXFileReference; fileEncoding = 4; lastKnownFileType = sourcecode.swift; path = GLTFTexture.swift; sourceTree = "<group>"; };
		4447D46122BC2BC30043CA89 /* GLTFTextureInfo.swift */ = {isa = PBXFileReference; fileEncoding = 4; lastKnownFileType = sourcecode.swift; path = GLTFTextureInfo.swift; sourceTree = "<group>"; };
		4447D46222BC2BC30043CA89 /* GLTFSampler.swift */ = {isa = PBXFileReference; fileEncoding = 4; lastKnownFileType = sourcecode.swift; path = GLTFSampler.swift; sourceTree = "<group>"; };
		4447D46322BC2BC30043CA89 /* GLTFBufferView.swift */ = {isa = PBXFileReference; fileEncoding = 4; lastKnownFileType = sourcecode.swift; path = GLTFBufferView.swift; sourceTree = "<group>"; };
		4447D46422BC2BC30043CA89 /* GLTFMesh.swift */ = {isa = PBXFileReference; fileEncoding = 4; lastKnownFileType = sourcecode.swift; path = GLTFMesh.swift; sourceTree = "<group>"; };
		4447D46522BC2BC30043CA89 /* GLTFGlTFProperty.swift */ = {isa = PBXFileReference; fileEncoding = 4; lastKnownFileType = sourcecode.swift; path = GLTFGlTFProperty.swift; sourceTree = "<group>"; };
		4447D46622BC2BC30043CA89 /* GLTFBuffer.swift */ = {isa = PBXFileReference; fileEncoding = 4; lastKnownFileType = sourcecode.swift; path = GLTFBuffer.swift; sourceTree = "<group>"; };
		4447D46722BC2BC30043CA89 /* GLTFImage.swift */ = {isa = PBXFileReference; fileEncoding = 4; lastKnownFileType = sourcecode.swift; path = GLTFImage.swift; sourceTree = "<group>"; };
		4447D46822BC2BC30043CA89 /* GLTFExtras.swift */ = {isa = PBXFileReference; fileEncoding = 4; lastKnownFileType = sourcecode.swift; path = GLTFExtras.swift; sourceTree = "<group>"; };
		4447D46922BC2BC30043CA89 /* GLTFAccessor.swift */ = {isa = PBXFileReference; fileEncoding = 4; lastKnownFileType = sourcecode.swift; path = GLTFAccessor.swift; sourceTree = "<group>"; };
		4447D46A22BC2BC30043CA89 /* GLTFExtension.swift */ = {isa = PBXFileReference; fileEncoding = 4; lastKnownFileType = sourcecode.swift; path = GLTFExtension.swift; sourceTree = "<group>"; };
		4447D46B22BC2BC30043CA89 /* GLTFMaterialNormalTextureInfo.swift */ = {isa = PBXFileReference; fileEncoding = 4; lastKnownFileType = sourcecode.swift; path = GLTFMaterialNormalTextureInfo.swift; sourceTree = "<group>"; };
		4447D46D22BC2BC30043CA89 /* ExtensionList.swift */ = {isa = PBXFileReference; fileEncoding = 4; lastKnownFileType = sourcecode.swift; path = ExtensionList.swift; sourceTree = "<group>"; };
		4447D46F22BC2BC30043CA89 /* GLTFKHRMaterialsCommon_GLTFKHRMaterialsCommon.swift */ = {isa = PBXFileReference; fileEncoding = 4; lastKnownFileType = sourcecode.swift; path = GLTFKHRMaterialsCommon_GLTFKHRMaterialsCommon.swift; sourceTree = "<group>"; };
		4447D47122BC2BC30043CA89 /* GLTFShaderModifierSurface_pbrSpecularGlossiness.shader */ = {isa = PBXFileReference; fileEncoding = 4; lastKnownFileType = text; path = GLTFShaderModifierSurface_pbrSpecularGlossiness.shader; sourceTree = "<group>"; };
		4447D47222BC2BC30043CA89 /* GLTFShaderModifierSurface_pbrSpecularGlossiness_doubleSidedWorkaround.shader */ = {isa = PBXFileReference; fileEncoding = 4; lastKnownFileType = text; path = GLTFShaderModifierSurface_pbrSpecularGlossiness_doubleSidedWorkaround.shader; sourceTree = "<group>"; };
		4447D47322BC2BC30043CA89 /* GLTFKHRMaterialsPbrSpecularGlossiness_GLTFKHRMaterialsPbrSpecularGlossiness.swift */ = {isa = PBXFileReference; fileEncoding = 4; lastKnownFileType = sourcecode.swift; path = GLTFKHRMaterialsPbrSpecularGlossiness_GLTFKHRMaterialsPbrSpecularGlossiness.swift; sourceTree = "<group>"; };
		4447D47422BC2BC30043CA89 /* GLTFShaderModifierSurface_pbrSpecularGlossiness_texture_doubleSidedWorkaround.shader */ = {isa = PBXFileReference; fileEncoding = 4; lastKnownFileType = text; path = GLTFShaderModifierSurface_pbrSpecularGlossiness_texture_doubleSidedWorkaround.shader; sourceTree = "<group>"; };
		4447D47522BC2BC30043CA89 /* GLTFAnimationChannel.swift */ = {isa = PBXFileReference; fileEncoding = 4; lastKnownFileType = sourcecode.swift; path = GLTFAnimationChannel.swift; sourceTree = "<group>"; };
		4447D47622BC2BC30043CA89 /* GLTFMaterial.swift */ = {isa = PBXFileReference; fileEncoding = 4; lastKnownFileType = sourcecode.swift; path = GLTFMaterial.swift; sourceTree = "<group>"; };
		4447D47722BC2BC30043CA89 /* GLTFSkin.swift */ = {isa = PBXFileReference; fileEncoding = 4; lastKnownFileType = sourcecode.swift; path = GLTFSkin.swift; sourceTree = "<group>"; };
		4447D47822BC2BC30043CA89 /* GLTFCamera.swift */ = {isa = PBXFileReference; fileEncoding = 4; lastKnownFileType = sourcecode.swift; path = GLTFCamera.swift; sourceTree = "<group>"; };
		4447D47922BC2BC30043CA89 /* GLTFAccessorSparse.swift */ = {isa = PBXFileReference; fileEncoding = 4; lastKnownFileType = sourcecode.swift; path = GLTFAccessorSparse.swift; sourceTree = "<group>"; };
		4447D47A22BC2BC30043CA89 /* GLTFMaterialOcclusionTextureInfo.swift */ = {isa = PBXFileReference; fileEncoding = 4; lastKnownFileType = sourcecode.swift; path = GLTFMaterialOcclusionTextureInfo.swift; sourceTree = "<group>"; };
		4447D47B22BC2BC30043CA89 /* GLTFMaterialPbrMetallicRoughness.swift */ = {isa = PBXFileReference; fileEncoding = 4; lastKnownFileType = sourcecode.swift; path = GLTFMaterialPbrMetallicRoughness.swift; sourceTree = "<group>"; };
		4447D47C22BC2BC30043CA89 /* GLTFNode.swift */ = {isa = PBXFileReference; fileEncoding = 4; lastKnownFileType = sourcecode.swift; path = GLTFNode.swift; sourceTree = "<group>"; };
		4447D47D22BC2BC30043CA89 /* GLTFAccessorSparseValues.swift */ = {isa = PBXFileReference; fileEncoding = 4; lastKnownFileType = sourcecode.swift; path = GLTFAccessorSparseValues.swift; sourceTree = "<group>"; };
		4447D47E22BC2BC30043CA89 /* GLTFAnimation.swift */ = {isa = PBXFileReference; fileEncoding = 4; lastKnownFileType = sourcecode.swift; path = GLTFAnimation.swift; sourceTree = "<group>"; };
		4447D47F22BC2BC30043CA89 /* GLTFAsset.swift */ = {isa = PBXFileReference; fileEncoding = 4; lastKnownFileType = sourcecode.swift; path = GLTFAsset.swift; sourceTree = "<group>"; };
		4447D48022BC2BC30043CA89 /* GLTFGlTFid.swift */ = {isa = PBXFileReference; fileEncoding = 4; lastKnownFileType = sourcecode.swift; path = GLTFGlTFid.swift; sourceTree = "<group>"; };
		4447D48122BC2BC30043CA89 /* GLTFAccessorSparseIndices.swift */ = {isa = PBXFileReference; fileEncoding = 4; lastKnownFileType = sourcecode.swift; path = GLTFAccessorSparseIndices.swift; sourceTree = "<group>"; };
		4447D48222BC2BC30043CA89 /* GLTFCameraPerspective.swift */ = {isa = PBXFileReference; fileEncoding = 4; lastKnownFileType = sourcecode.swift; path = GLTFCameraPerspective.swift; sourceTree = "<group>"; };
		4447D48322BC2BC30043CA89 /* GLTFMeshPrimitive.swift */ = {isa = PBXFileReference; fileEncoding = 4; lastKnownFileType = sourcecode.swift; path = GLTFMeshPrimitive.swift; sourceTree = "<group>"; };
		4447D48522BC2BC30043CA89 /* GLTFFunctions.swift */ = {isa = PBXFileReference; fileEncoding = 4; lastKnownFileType = sourcecode.swift; path = GLTFFunctions.swift; sourceTree = "<group>"; };
		4447D48622BC2BC30043CA89 /* GLTFTypes.swift */ = {isa = PBXFileReference; fileEncoding = 4; lastKnownFileType = sourcecode.swift; path = GLTFTypes.swift; sourceTree = "<group>"; };
		4447D53722BCA2C90043CA89 /* GLTFShaderModifierSurface_doubleSidedWorkaround.shader */ = {isa = PBXFileReference; fileEncoding = 4; lastKnownFileType = text; path = GLTFShaderModifierSurface_doubleSidedWorkaround.shader; sourceTree = "<group>"; };
		4447D53822BCA2C90043CA89 /* GLTFShaderModifierSurface_alphaModeBlend.shader */ = {isa = PBXFileReference; fileEncoding = 4; lastKnownFileType = text; path = GLTFShaderModifierSurface_alphaModeBlend.shader; sourceTree = "<group>"; };
		4447D53922BCA2C90043CA89 /* GLTFShaderModifierSurface.shader */ = {isa = PBXFileReference; fileEncoding = 4; lastKnownFileType = text; path = GLTFShaderModifierSurface.shader; sourceTree = "<group>"; };
		4447D53A22BCA2C90043CA89 /* GLTFShaderModifierFragment_alphaCutoff.shader */ = {isa = PBXFileReference; fileEncoding = 4; lastKnownFileType = text; path = GLTFShaderModifierFragment_alphaCutoff.shader; sourceTree = "<group>"; };
		4447D54222BCC3BB0043CA89 /* GLTFShaderModifier.swift */ = {isa = PBXFileReference; lastKnownFileType = sourcecode.swift; path = GLTFShaderModifier.swift; sourceTree = "<group>"; };
		4461548422CA413100159F18 /* UiSpinnerNode.swift */ = {isa = PBXFileReference; fileEncoding = 4; lastKnownFileType = sourcecode.swift; path = UiSpinnerNode.swift; sourceTree = "<group>"; };
		446A927822DDE5CA00B4C12D /* Consts.swift */ = {isa = PBXFileReference; lastKnownFileType = sourcecode.swift; path = Consts.swift; sourceTree = "<group>"; };
		4471C4F922F5A61B00C8C5EC /* UiLineNode.swift */ = {isa = PBXFileReference; lastKnownFileType = sourcecode.swift; path = UiLineNode.swift; sourceTree = "<group>"; };
		4471C4FB22F5A68A00C8C5EC /* RenderNode.swift */ = {isa = PBXFileReference; lastKnownFileType = sourcecode.swift; path = RenderNode.swift; sourceTree = "<group>"; };
		447A017822B4494100C9C75F /* Convert.swift */ = {isa = PBXFileReference; lastKnownFileType = sourcecode.swift; path = Convert.swift; sourceTree = "<group>"; };
		447A017A22B462D200C9C75F /* RCTConvert+Components.h */ = {isa = PBXFileReference; lastKnownFileType = sourcecode.c.h; path = "RCTConvert+Components.h"; sourceTree = "<group>"; };
		447A017B22B462EB00C9C75F /* RCTConvert+Components.m */ = {isa = PBXFileReference; lastKnownFileType = sourcecode.c.objc; path = "RCTConvert+Components.m"; sourceTree = "<group>"; };
		447C23EA22F05DD700F9A8F6 /* UiToggleNode.swift */ = {isa = PBXFileReference; lastKnownFileType = sourcecode.swift; path = UiToggleNode.swift; sourceTree = "<group>"; };
		447C245F22F2CF2700F9A8F6 /* UiSliderNode.swift */ = {isa = PBXFileReference; lastKnownFileType = sourcecode.swift; path = UiSliderNode.swift; sourceTree = "<group>"; };
		447C246122F2CF3600F9A8F6 /* UiProgressBarNode.swift */ = {isa = PBXFileReference; lastKnownFileType = sourcecode.swift; path = UiProgressBarNode.swift; sourceTree = "<group>"; };
		447F283322F3049C00858461 /* UIImage+Extension.swift */ = {isa = PBXFileReference; lastKnownFileType = sourcecode.swift; path = "UIImage+Extension.swift"; sourceTree = "<group>"; };
		449AF44B22B247C40046938D /* AREventsManager.h */ = {isa = PBXFileReference; fileEncoding = 4; lastKnownFileType = sourcecode.c.h; path = AREventsManager.h; sourceTree = "<group>"; };
		449AF44C22B247C40046938D /* ARComponentManager.h */ = {isa = PBXFileReference; fileEncoding = 4; lastKnownFileType = sourcecode.c.h; path = ARComponentManager.h; sourceTree = "<group>"; };
		449AF44D22B247C40046938D /* AREventsManager.m */ = {isa = PBXFileReference; fileEncoding = 4; lastKnownFileType = sourcecode.c.objc; path = AREventsManager.m; sourceTree = "<group>"; };
		449AF44F22B247C40046938D /* ARComponentManager.m */ = {isa = PBXFileReference; fileEncoding = 4; lastKnownFileType = sourcecode.c.objc; path = ARComponentManager.m; sourceTree = "<group>"; };
		449AF45322B247C40046938D /* RCTARView.m */ = {isa = PBXFileReference; fileEncoding = 4; lastKnownFileType = sourcecode.c.objc; path = RCTARView.m; sourceTree = "<group>"; };
		449AF45422B247C40046938D /* RCTARViewManager.h */ = {isa = PBXFileReference; fileEncoding = 4; lastKnownFileType = sourcecode.c.h; path = RCTARViewManager.h; sourceTree = "<group>"; };
		449AF45722B247C40046938D /* RCTARViewManager.m */ = {isa = PBXFileReference; fileEncoding = 4; lastKnownFileType = sourcecode.c.objc; path = RCTARViewManager.m; sourceTree = "<group>"; };
		449AF45822B247C40046938D /* RCTARView.h */ = {isa = PBXFileReference; fileEncoding = 4; lastKnownFileType = sourcecode.c.h; path = RCTARView.h; sourceTree = "<group>"; };
		449AF48322B248000046938D /* RNMagicScript-Bridging-Header.h */ = {isa = PBXFileReference; lastKnownFileType = sourcecode.c.h; path = "RNMagicScript-Bridging-Header.h"; sourceTree = "<group>"; };
		449AF48822B248090046938D /* TransformNode.swift */ = {isa = PBXFileReference; fileEncoding = 4; lastKnownFileType = sourcecode.swift; path = TransformNode.swift; sourceTree = "<group>"; };
		449AF48922B248090046938D /* UiNode.swift */ = {isa = PBXFileReference; fileEncoding = 4; lastKnownFileType = sourcecode.swift; path = UiNode.swift; sourceTree = "<group>"; };
		449AF48B22B248090046938D /* UiGroupNode.swift */ = {isa = PBXFileReference; fileEncoding = 4; lastKnownFileType = sourcecode.swift; path = UiGroupNode.swift; sourceTree = "<group>"; };
		449AF48C22B248090046938D /* UiTextNode.swift */ = {isa = PBXFileReference; fileEncoding = 4; lastKnownFileType = sourcecode.swift; path = UiTextNode.swift; sourceTree = "<group>"; };
		449AF48D22B248090046938D /* UiImageNode.swift */ = {isa = PBXFileReference; fileEncoding = 4; lastKnownFileType = sourcecode.swift; path = UiImageNode.swift; sourceTree = "<group>"; };
		449AF48E22B248090046938D /* UiButtonNode.swift */ = {isa = PBXFileReference; fileEncoding = 4; lastKnownFileType = sourcecode.swift; path = UiButtonNode.swift; sourceTree = "<group>"; };
		449AF49022B248090046938D /* SCNBBoxNode.swift */ = {isa = PBXFileReference; fileEncoding = 4; lastKnownFileType = sourcecode.swift; path = SCNBBoxNode.swift; sourceTree = "<group>"; };
		449AF49122B248090046938D /* SCNRectangle.swift */ = {isa = PBXFileReference; fileEncoding = 4; lastKnownFileType = sourcecode.swift; path = SCNRectangle.swift; sourceTree = "<group>"; };
		449AF49222B248090046938D /* SCNNode+Debug.swift */ = {isa = PBXFileReference; fileEncoding = 4; lastKnownFileType = sourcecode.swift; path = "SCNNode+Debug.swift"; sourceTree = "<group>"; };
		449AF49322B248090046938D /* Maths.swift */ = {isa = PBXFileReference; fileEncoding = 4; lastKnownFileType = sourcecode.swift; path = Maths.swift; sourceTree = "<group>"; };
		449AF49422B248090046938D /* SCNQuaternionExtension.swift */ = {isa = PBXFileReference; fileEncoding = 4; lastKnownFileType = sourcecode.swift; path = SCNQuaternionExtension.swift; sourceTree = "<group>"; };
		449AF49522B248090046938D /* SCNMatrix4Extension.swift */ = {isa = PBXFileReference; fileEncoding = 4; lastKnownFileType = sourcecode.swift; path = SCNMatrix4Extension.swift; sourceTree = "<group>"; };
		449AF49622B248090046938D /* SCNVector3Extension.swift */ = {isa = PBXFileReference; fileEncoding = 4; lastKnownFileType = sourcecode.swift; path = SCNVector3Extension.swift; sourceTree = "<group>"; };
		449AF49722B248090046938D /* UiNodesManager.swift */ = {isa = PBXFileReference; fileEncoding = 4; lastKnownFileType = sourcecode.swift; path = UiNodesManager.swift; sourceTree = "<group>"; };
		44FA561B22B7A0EA00B42251 /* UiModelNode.swift */ = {isa = PBXFileReference; lastKnownFileType = sourcecode.swift; path = UiModelNode.swift; sourceTree = "<group>"; };
		7D4DF2EC22FCA7D700407B0B /* React.xcodeproj */ = {isa = PBXFileReference; lastKnownFileType = "wrapper.pb-project"; name = React.xcodeproj; path = "../node_modules/react-native/React/React.xcodeproj"; sourceTree = "<group>"; };
/* End PBXFileReference section */

/* Begin PBXFrameworksBuildPhase section */
		44318E8C22CB4E0C0060575D /* Frameworks */ = {
			isa = PBXFrameworksBuildPhase;
			buildActionMask = 2147483647;
			files = (
			);
			runOnlyForDeploymentPostprocessing = 0;
		};
		58B511D81A9E6C8500147676 /* Frameworks */ = {
			isa = PBXFrameworksBuildPhase;
			buildActionMask = 2147483647;
			files = (
			);
			runOnlyForDeploymentPostprocessing = 0;
		};
/* End PBXFrameworksBuildPhase section */

/* Begin PBXGroup section */
		134814211AA4EA7D00B7C361 /* Products */ = {
			isa = PBXGroup;
			children = (
				134814201AA4EA6300B7C361 /* libRNMagicScript.a */,
			);
			name = Products;
			sourceTree = "<group>";
		};
		440B1B6522F95BD400A9F754 /* fonts */ = {
			isa = PBXGroup;
			children = (
				440B1B6622F95BD400A9F754 /* LominoUIApp-Bold.ttf */,
				440B1B6D22F95BD400A9F754 /* LominoUIApp-BoldItalic.ttf */,
				440B1B7122F95BD400A9F754 /* LominoUIApp-ExtraBold.ttf */,
				440B1B6F22F95BD400A9F754 /* LominoUIApp-ExtraBoldItalic.ttf */,
				440B1B6722F95BD400A9F754 /* LominoUIApp-Italic.ttf */,
				440B1B7022F95BD400A9F754 /* LominoUIApp-Light.ttf */,
				440B1B6E22F95BD400A9F754 /* LominoUIApp-LightItalic.ttf */,
				440B1B7222F95BD400A9F754 /* LominoUIApp-Medium.ttf */,
				440B1B6A22F95BD400A9F754 /* LominoUIApp-MediumItalic.ttf */,
				440B1B7322F95BD400A9F754 /* LominoUIApp-Regular.ttf */,
				440B1B6822F95BD400A9F754 /* LominoUIApp-WideBoldItalic.ttf */,
				440B1B6922F95BD400A9F754 /* LominoUIApp-Wide.ttf */,
				440B1B6B22F95BD400A9F754 /* LominoUIApp-WideItalic.ttf */,
				440B1B6C22F95BD400A9F754 /* LominoUIApp-WideBold.ttf */,
			);
			path = fonts;
			sourceTree = "<group>";
		};
		442463AC22DC8AF200FD4ABB /* UiHelpers */ = {
			isa = PBXGroup;
			children = (
				447A017822B4494100C9C75F /* Convert.swift */,
				44318EB722CE29250060575D /* Measures.swift */,
				446A927822DDE5CA00B4C12D /* Consts.swift */,
			);
			path = UiHelpers;
			sourceTree = "<group>";
		};
		44318E9022CB4E0C0060575D /* RNMagicScriptResources */ = {
			isa = PBXGroup;
			children = (
				44318E9122CB4E0C0060575D /* Info.plist */,
			);
			path = RNMagicScriptResources;
			sourceTree = "<group>";
		};
		443F8DEB22BAC50300021B2B /* libraries */ = {
			isa = PBXGroup;
			children = (
				4447D45422BC2BC30043CA89 /* GLTF */,
			);
			path = libraries;
			sourceTree = "<group>";
		};
		443F8DEE22BAC71A00021B2B /* Frameworks */ = {
			isa = PBXGroup;
			children = (
				7D4DF2EC22FCA7D700407B0B /* React.xcodeproj */,
			);
			name = Frameworks;
			sourceTree = "<group>";
		};
		4447D45422BC2BC30043CA89 /* GLTF */ = {
			isa = PBXGroup;
			children = (
				4447D45922BC2BC30043CA89 /* schema */,
				4447D45822BC2BC30043CA89 /* GLTFErrors.swift */,
				4447D48522BC2BC30043CA89 /* GLTFFunctions.swift */,
				4447D45522BC2BC30043CA89 /* GLTFSceneSource.swift */,
				4447D48622BC2BC30043CA89 /* GLTFTypes.swift */,
				4447D45622BC2BC30043CA89 /* GLTFUnarchiver.swift */,
				4447D54222BCC3BB0043CA89 /* GLTFShaderModifier.swift */,
				4447D53A22BCA2C90043CA89 /* GLTFShaderModifierFragment_alphaCutoff.shader */,
				4447D53822BCA2C90043CA89 /* GLTFShaderModifierSurface_alphaModeBlend.shader */,
				4447D53722BCA2C90043CA89 /* GLTFShaderModifierSurface_doubleSidedWorkaround.shader */,
				4447D53922BCA2C90043CA89 /* GLTFShaderModifierSurface.shader */,
			);
			path = GLTF;
			sourceTree = "<group>";
		};
		4447D45922BC2BC30043CA89 /* schema */ = {
			isa = PBXGroup;
			children = (
				4447D46C22BC2BC30043CA89 /* extensions */,
				4447D45A22BC2BC30043CA89 /* GLTFScene.swift */,
				4447D45B22BC2BC30043CA89 /* GLTFGlTFChildOfRootProperty.swift */,
				4447D45C22BC2BC30043CA89 /* GLTFCameraOrthographic.swift */,
				4447D45D22BC2BC30043CA89 /* GLTFGlTF.swift */,
				4447D45E22BC2BC30043CA89 /* GLTFAnimationChannelTarget.swift */,
				4447D45F22BC2BC30043CA89 /* GLTFAnimationSampler.swift */,
				4447D46022BC2BC30043CA89 /* GLTFTexture.swift */,
				4447D46122BC2BC30043CA89 /* GLTFTextureInfo.swift */,
				4447D46222BC2BC30043CA89 /* GLTFSampler.swift */,
				4447D46322BC2BC30043CA89 /* GLTFBufferView.swift */,
				4447D46422BC2BC30043CA89 /* GLTFMesh.swift */,
				4447D46522BC2BC30043CA89 /* GLTFGlTFProperty.swift */,
				4447D46622BC2BC30043CA89 /* GLTFBuffer.swift */,
				4447D46722BC2BC30043CA89 /* GLTFImage.swift */,
				4447D46822BC2BC30043CA89 /* GLTFExtras.swift */,
				4447D46922BC2BC30043CA89 /* GLTFAccessor.swift */,
				4447D46A22BC2BC30043CA89 /* GLTFExtension.swift */,
				4447D46B22BC2BC30043CA89 /* GLTFMaterialNormalTextureInfo.swift */,
				4447D47522BC2BC30043CA89 /* GLTFAnimationChannel.swift */,
				4447D47622BC2BC30043CA89 /* GLTFMaterial.swift */,
				4447D47722BC2BC30043CA89 /* GLTFSkin.swift */,
				4447D47822BC2BC30043CA89 /* GLTFCamera.swift */,
				4447D47922BC2BC30043CA89 /* GLTFAccessorSparse.swift */,
				4447D47A22BC2BC30043CA89 /* GLTFMaterialOcclusionTextureInfo.swift */,
				4447D47B22BC2BC30043CA89 /* GLTFMaterialPbrMetallicRoughness.swift */,
				4447D47C22BC2BC30043CA89 /* GLTFNode.swift */,
				4447D47D22BC2BC30043CA89 /* GLTFAccessorSparseValues.swift */,
				4447D47E22BC2BC30043CA89 /* GLTFAnimation.swift */,
				4447D47F22BC2BC30043CA89 /* GLTFAsset.swift */,
				4447D48022BC2BC30043CA89 /* GLTFGlTFid.swift */,
				4447D48122BC2BC30043CA89 /* GLTFAccessorSparseIndices.swift */,
				4447D48222BC2BC30043CA89 /* GLTFCameraPerspective.swift */,
				4447D48322BC2BC30043CA89 /* GLTFMeshPrimitive.swift */,
			);
			path = schema;
			sourceTree = "<group>";
		};
		4447D46C22BC2BC30043CA89 /* extensions */ = {
			isa = PBXGroup;
			children = (
				4447D46D22BC2BC30043CA89 /* ExtensionList.swift */,
				4447D46E22BC2BC30043CA89 /* KHR_materials_common */,
				4447D47022BC2BC30043CA89 /* KHR_materials_pbrSpecularGlossiness */,
			);
			path = extensions;
			sourceTree = "<group>";
		};
		4447D46E22BC2BC30043CA89 /* KHR_materials_common */ = {
			isa = PBXGroup;
			children = (
				4447D46F22BC2BC30043CA89 /* GLTFKHRMaterialsCommon_GLTFKHRMaterialsCommon.swift */,
			);
			path = KHR_materials_common;
			sourceTree = "<group>";
		};
		4447D47022BC2BC30043CA89 /* KHR_materials_pbrSpecularGlossiness */ = {
			isa = PBXGroup;
			children = (
				4447D47122BC2BC30043CA89 /* GLTFShaderModifierSurface_pbrSpecularGlossiness.shader */,
				4447D47222BC2BC30043CA89 /* GLTFShaderModifierSurface_pbrSpecularGlossiness_doubleSidedWorkaround.shader */,
				4447D47322BC2BC30043CA89 /* GLTFKHRMaterialsPbrSpecularGlossiness_GLTFKHRMaterialsPbrSpecularGlossiness.swift */,
				4447D47422BC2BC30043CA89 /* GLTFShaderModifierSurface_pbrSpecularGlossiness_texture_doubleSidedWorkaround.shader */,
			);
			path = KHR_materials_pbrSpecularGlossiness;
			sourceTree = "<group>";
		};
		4461548722CA422100159F18 /* resources */ = {
			isa = PBXGroup;
			children = (
				440B1B6522F95BD400A9F754 /* fonts */,
				44318E5F22CB424A0060575D /* Images.xcassets */,
				440B1B9222F971F100A9F754 /* Bundle.swift */,
				44318E6322CB44B60060575D /* ImageAssets.swift */,
				440B1B9022F95C5C00A9F754 /* Font.swift */,
			);
			path = resources;
			sourceTree = "<group>";
		};
		449AF44922B247C40046938D /* bridge */ = {
			isa = PBXGroup;
			children = (
				449AF45022B247C40046938D /* ARView */,
				447A017A22B462D200C9C75F /* RCTConvert+Components.h */,
				447A017B22B462EB00C9C75F /* RCTConvert+Components.m */,
				449AF44C22B247C40046938D /* ARComponentManager.h */,
				449AF44F22B247C40046938D /* ARComponentManager.m */,
				449AF44B22B247C40046938D /* AREventsManager.h */,
				449AF44D22B247C40046938D /* AREventsManager.m */,
			);
			path = bridge;
			sourceTree = "<group>";
		};
		449AF45022B247C40046938D /* ARView */ = {
			isa = PBXGroup;
			children = (
				449AF45822B247C40046938D /* RCTARView.h */,
				449AF45322B247C40046938D /* RCTARView.m */,
				449AF45422B247C40046938D /* RCTARViewManager.h */,
				449AF45722B247C40046938D /* RCTARViewManager.m */,
			);
			path = ARView;
			sourceTree = "<group>";
		};
		449AF48622B248090046938D /* components */ = {
			isa = PBXGroup;
			children = (
				449AF48722B248090046938D /* BaseNodes */,
				442463AC22DC8AF200FD4ABB /* UiHelpers */,
				449AF48A22B248090046938D /* UiNodes */,
				449AF48F22B248090046938D /* Utils */,
				449AF49722B248090046938D /* UiNodesManager.swift */,
			);
			path = components;
			sourceTree = "<group>";
		};
		449AF48722B248090046938D /* BaseNodes */ = {
			isa = PBXGroup;
			children = (
				442463BD22DCBFC900FD4ABB /* LabelNode.swift */,
				44318EB522CE28EA0060575D /* OutlineNode.swift */,
				4471C4FB22F5A68A00C8C5EC /* RenderNode.swift */,
				449AF48822B248090046938D /* TransformNode.swift */,
				449AF48922B248090046938D /* UiNode.swift */,
			);
			path = BaseNodes;
			sourceTree = "<group>";
		};
		449AF48A22B248090046938D /* UiNodes */ = {
			isa = PBXGroup;
			children = (
				449AF48E22B248090046938D /* UiButtonNode.swift */,
				449AF48B22B248090046938D /* UiGroupNode.swift */,
				44107CED22E888070007CBF5 /* UiGridLayoutNode.swift */,
				449AF48D22B248090046938D /* UiImageNode.swift */,
				4471C4F922F5A61B00C8C5EC /* UiLineNode.swift */,
				44FA561B22B7A0EA00B42251 /* UiModelNode.swift */,
				447C246122F2CF3600F9A8F6 /* UiProgressBarNode.swift */,
				447C245F22F2CF2700F9A8F6 /* UiSliderNode.swift */,
				4461548422CA413100159F18 /* UiSpinnerNode.swift */,
				449AF48C22B248090046938D /* UiTextNode.swift */,
				44318EB922CE29CA0060575D /* UiTextEditNode.swift */,
				447C23EA22F05DD700F9A8F6 /* UiToggleNode.swift */,
			);
			path = UiNodes;
			sourceTree = "<group>";
		};
		449AF48F22B248090046938D /* Utils */ = {
			isa = PBXGroup;
			children = (
				449AF49322B248090046938D /* Maths.swift */,
				449AF49022B248090046938D /* SCNBBoxNode.swift */,
				447F283322F3049C00858461 /* UIImage+Extension.swift */,
				449AF49122B248090046938D /* SCNRectangle.swift */,
				449AF49222B248090046938D /* SCNNode+Debug.swift */,
				449AF49422B248090046938D /* SCNQuaternionExtension.swift */,
				449AF49522B248090046938D /* SCNMatrix4Extension.swift */,
				449AF49622B248090046938D /* SCNVector3Extension.swift */,
			);
			path = Utils;
			sourceTree = "<group>";
		};
		58B511D21A9E6C8500147676 = {
			isa = PBXGroup;
			children = (
				449AF44922B247C40046938D /* bridge */,
				449AF48622B248090046938D /* components */,
				443F8DEB22BAC50300021B2B /* libraries */,
				4461548722CA422100159F18 /* resources */,
				44318E9022CB4E0C0060575D /* RNMagicScriptResources */,
				134814211AA4EA7D00B7C361 /* Products */,
				449AF48322B248000046938D /* RNMagicScript-Bridging-Header.h */,
				443F8DEE22BAC71A00021B2B /* Frameworks */,
				44318E8F22CB4E0C0060575D /* RNMagicScriptResources.bundle */,
			);
			sourceTree = "<group>";
		};
		7D4DF2ED22FCA7D700407B0B /* Products */ = {
			isa = PBXGroup;
			children = (
				7D4DF30022FCA7D700407B0B /* libReact.a */,
				7D4DF30222FCA7D700407B0B /* libReact.a */,
				7D4DF30422FCA7D700407B0B /* libyoga.a */,
				7D4DF30622FCA7D700407B0B /* libyoga.a */,
				7D4DF30822FCA7D700407B0B /* libcxxreact.a */,
				7D4DF30A22FCA7D700407B0B /* libcxxreact.a */,
				7D4DF30C22FCA7D700407B0B /* libjsinspector.a */,
				7D4DF30E22FCA7D700407B0B /* libjsinspector-tvOS.a */,
				7D4DF31022FCA7D700407B0B /* libthird-party.a */,
				7D4DF31222FCA7D700407B0B /* libthird-party.a */,
				7D4DF31422FCA7D700407B0B /* libdouble-conversion.a */,
				7D4DF31622FCA7D700407B0B /* libdouble-conversion.a */,
				7D4DF31822FCA7D700407B0B /* libjsi.a */,
				7D4DF31A22FCA7D700407B0B /* libjsiexecutor.a */,
				7D4DF31C22FCA7D700407B0B /* libjsi-tvOS.a */,
				7D4DF31E22FCA7D700407B0B /* libjsiexecutor-tvOS.a */,
			);
			name = Products;
			sourceTree = "<group>";
		};
/* End PBXGroup section */

/* Begin PBXNativeTarget section */
		44318E8E22CB4E0C0060575D /* RNMagicScriptResources */ = {
			isa = PBXNativeTarget;
			buildConfigurationList = 44318E9222CB4E0C0060575D /* Build configuration list for PBXNativeTarget "RNMagicScriptResources" */;
			buildPhases = (
				44318E8B22CB4E0C0060575D /* Sources */,
				44318E8C22CB4E0C0060575D /* Frameworks */,
				44318E8D22CB4E0C0060575D /* Resources */,
			);
			buildRules = (
			);
			dependencies = (
			);
			name = RNMagicScriptResources;
			productName = RNMagicScriptResources;
			productReference = 44318E8F22CB4E0C0060575D /* RNMagicScriptResources.bundle */;
			productType = "com.apple.product-type.bundle";
		};
		58B511DA1A9E6C8500147676 /* RNMagicScript */ = {
			isa = PBXNativeTarget;
			buildConfigurationList = 58B511EF1A9E6C8500147676 /* Build configuration list for PBXNativeTarget "RNMagicScript" */;
			buildPhases = (
				58B511D71A9E6C8500147676 /* Sources */,
				58B511D81A9E6C8500147676 /* Frameworks */,
				58B511D91A9E6C8500147676 /* CopyFiles */,
				44318E6122CB42B60060575D /* Resources */,
			);
			buildRules = (
			);
			dependencies = (
				44318E9F22CB56A00060575D /* PBXTargetDependency */,
			);
			name = RNMagicScript;
			productName = RCTDataManager;
			productReference = 134814201AA4EA6300B7C361 /* libRNMagicScript.a */;
			productType = "com.apple.product-type.library.static";
		};
/* End PBXNativeTarget section */

/* Begin PBXProject section */
		58B511D31A9E6C8500147676 /* Project object */ = {
			isa = PBXProject;
			attributes = {
				LastUpgradeCheck = 1020;
				ORGANIZATIONNAME = MagicLeap;
				TargetAttributes = {
					44318E8E22CB4E0C0060575D = {
						CreatedOnToolsVersion = 10.2.1;
						DevelopmentTeam = DEURTTZ5DW;
						ProvisioningStyle = Automatic;
					};
					58B511DA1A9E6C8500147676 = {
						CreatedOnToolsVersion = 6.1.1;
						LastSwiftMigration = 1010;
					};
				};
			};
			buildConfigurationList = 58B511D61A9E6C8500147676 /* Build configuration list for PBXProject "RNMagicScript" */;
			compatibilityVersion = "Xcode 3.2";
			developmentRegion = en;
			hasScannedForEncodings = 0;
			knownRegions = (
				en,
				Base,
			);
			mainGroup = 58B511D21A9E6C8500147676;
			productRefGroup = 58B511D21A9E6C8500147676;
			projectDirPath = "";
			projectReferences = (
				{
					ProductGroup = 7D4DF2ED22FCA7D700407B0B /* Products */;
					ProjectRef = 7D4DF2EC22FCA7D700407B0B /* React.xcodeproj */;
				},
			);
			projectRoot = "";
			targets = (
				58B511DA1A9E6C8500147676 /* RNMagicScript */,
				44318E8E22CB4E0C0060575D /* RNMagicScriptResources */,
			);
		};
/* End PBXProject section */

/* Begin PBXReferenceProxy section */
		7D4DF30022FCA7D700407B0B /* libReact.a */ = {
			isa = PBXReferenceProxy;
			fileType = archive.ar;
			path = libReact.a;
			remoteRef = 7D4DF2FF22FCA7D700407B0B /* PBXContainerItemProxy */;
			sourceTree = BUILT_PRODUCTS_DIR;
		};
		7D4DF30222FCA7D700407B0B /* libReact.a */ = {
			isa = PBXReferenceProxy;
			fileType = archive.ar;
			path = libReact.a;
			remoteRef = 7D4DF30122FCA7D700407B0B /* PBXContainerItemProxy */;
			sourceTree = BUILT_PRODUCTS_DIR;
		};
		7D4DF30422FCA7D700407B0B /* libyoga.a */ = {
			isa = PBXReferenceProxy;
			fileType = archive.ar;
			path = libyoga.a;
			remoteRef = 7D4DF30322FCA7D700407B0B /* PBXContainerItemProxy */;
			sourceTree = BUILT_PRODUCTS_DIR;
		};
		7D4DF30622FCA7D700407B0B /* libyoga.a */ = {
			isa = PBXReferenceProxy;
			fileType = archive.ar;
			path = libyoga.a;
			remoteRef = 7D4DF30522FCA7D700407B0B /* PBXContainerItemProxy */;
			sourceTree = BUILT_PRODUCTS_DIR;
		};
		7D4DF30822FCA7D700407B0B /* libcxxreact.a */ = {
			isa = PBXReferenceProxy;
			fileType = archive.ar;
			path = libcxxreact.a;
			remoteRef = 7D4DF30722FCA7D700407B0B /* PBXContainerItemProxy */;
			sourceTree = BUILT_PRODUCTS_DIR;
		};
		7D4DF30A22FCA7D700407B0B /* libcxxreact.a */ = {
			isa = PBXReferenceProxy;
			fileType = archive.ar;
			path = libcxxreact.a;
			remoteRef = 7D4DF30922FCA7D700407B0B /* PBXContainerItemProxy */;
			sourceTree = BUILT_PRODUCTS_DIR;
		};
		7D4DF30C22FCA7D700407B0B /* libjsinspector.a */ = {
			isa = PBXReferenceProxy;
			fileType = archive.ar;
			path = libjsinspector.a;
			remoteRef = 7D4DF30B22FCA7D700407B0B /* PBXContainerItemProxy */;
			sourceTree = BUILT_PRODUCTS_DIR;
		};
		7D4DF30E22FCA7D700407B0B /* libjsinspector-tvOS.a */ = {
			isa = PBXReferenceProxy;
			fileType = archive.ar;
			path = "libjsinspector-tvOS.a";
			remoteRef = 7D4DF30D22FCA7D700407B0B /* PBXContainerItemProxy */;
			sourceTree = BUILT_PRODUCTS_DIR;
		};
		7D4DF31022FCA7D700407B0B /* libthird-party.a */ = {
			isa = PBXReferenceProxy;
			fileType = archive.ar;
			path = "libthird-party.a";
			remoteRef = 7D4DF30F22FCA7D700407B0B /* PBXContainerItemProxy */;
			sourceTree = BUILT_PRODUCTS_DIR;
		};
		7D4DF31222FCA7D700407B0B /* libthird-party.a */ = {
			isa = PBXReferenceProxy;
			fileType = archive.ar;
			path = "libthird-party.a";
			remoteRef = 7D4DF31122FCA7D700407B0B /* PBXContainerItemProxy */;
			sourceTree = BUILT_PRODUCTS_DIR;
		};
		7D4DF31422FCA7D700407B0B /* libdouble-conversion.a */ = {
			isa = PBXReferenceProxy;
			fileType = archive.ar;
			path = "libdouble-conversion.a";
			remoteRef = 7D4DF31322FCA7D700407B0B /* PBXContainerItemProxy */;
			sourceTree = BUILT_PRODUCTS_DIR;
		};
		7D4DF31622FCA7D700407B0B /* libdouble-conversion.a */ = {
			isa = PBXReferenceProxy;
			fileType = archive.ar;
			path = "libdouble-conversion.a";
			remoteRef = 7D4DF31522FCA7D700407B0B /* PBXContainerItemProxy */;
			sourceTree = BUILT_PRODUCTS_DIR;
		};
		7D4DF31822FCA7D700407B0B /* libjsi.a */ = {
			isa = PBXReferenceProxy;
			fileType = archive.ar;
			path = libjsi.a;
			remoteRef = 7D4DF31722FCA7D700407B0B /* PBXContainerItemProxy */;
			sourceTree = BUILT_PRODUCTS_DIR;
		};
		7D4DF31A22FCA7D700407B0B /* libjsiexecutor.a */ = {
			isa = PBXReferenceProxy;
			fileType = archive.ar;
			path = libjsiexecutor.a;
			remoteRef = 7D4DF31922FCA7D700407B0B /* PBXContainerItemProxy */;
			sourceTree = BUILT_PRODUCTS_DIR;
		};
		7D4DF31C22FCA7D700407B0B /* libjsi-tvOS.a */ = {
			isa = PBXReferenceProxy;
			fileType = archive.ar;
			path = "libjsi-tvOS.a";
			remoteRef = 7D4DF31B22FCA7D700407B0B /* PBXContainerItemProxy */;
			sourceTree = BUILT_PRODUCTS_DIR;
		};
		7D4DF31E22FCA7D700407B0B /* libjsiexecutor-tvOS.a */ = {
			isa = PBXReferenceProxy;
			fileType = archive.ar;
			path = "libjsiexecutor-tvOS.a";
			remoteRef = 7D4DF31D22FCA7D700407B0B /* PBXContainerItemProxy */;
			sourceTree = BUILT_PRODUCTS_DIR;
		};
/* End PBXReferenceProxy section */

/* Begin PBXResourcesBuildPhase section */
		44318E6122CB42B60060575D /* Resources */ = {
			isa = PBXResourcesBuildPhase;
			buildActionMask = 2147483647;
			files = (
				440B1B7C22F95BD500A9F754 /* LominoUIApp-LightItalic.ttf in Resources */,
				440B1B7522F95BD500A9F754 /* LominoUIApp-Italic.ttf in Resources */,
				440B1B7822F95BD500A9F754 /* LominoUIApp-MediumItalic.ttf in Resources */,
				440B1B7E22F95BD500A9F754 /* LominoUIApp-Light.ttf in Resources */,
				440B1B7F22F95BD500A9F754 /* LominoUIApp-ExtraBold.ttf in Resources */,
				440B1B7622F95BD500A9F754 /* LominoUIApp-WideBoldItalic.ttf in Resources */,
				440B1B7922F95BD500A9F754 /* LominoUIApp-WideItalic.ttf in Resources */,
				440B1B7A22F95BD500A9F754 /* LominoUIApp-WideBold.ttf in Resources */,
				440B1B7422F95BD500A9F754 /* LominoUIApp-Bold.ttf in Resources */,
				440B1B7722F95BD500A9F754 /* LominoUIApp-Wide.ttf in Resources */,
				440B1B7D22F95BD500A9F754 /* LominoUIApp-ExtraBoldItalic.ttf in Resources */,
				440B1B8122F95BD500A9F754 /* LominoUIApp-Regular.ttf in Resources */,
				440B1B8022F95BD500A9F754 /* LominoUIApp-Medium.ttf in Resources */,
				440B1B7B22F95BD500A9F754 /* LominoUIApp-BoldItalic.ttf in Resources */,
			);
			runOnlyForDeploymentPostprocessing = 0;
		};
		44318E8D22CB4E0C0060575D /* Resources */ = {
			isa = PBXResourcesBuildPhase;
			buildActionMask = 2147483647;
			files = (
				44318E9522CB4E9A0060575D /* Images.xcassets in Resources */,
				440B1B8822F95BED00A9F754 /* LominoUIApp-WideBold.ttf in Resources */,
				440B1B8422F95BED00A9F754 /* LominoUIApp-WideBoldItalic.ttf in Resources */,
				440B1B8722F95BED00A9F754 /* LominoUIApp-WideItalic.ttf in Resources */,
				440B1B8E22F95BED00A9F754 /* LominoUIApp-Medium.ttf in Resources */,
				440B1B8F22F95BED00A9F754 /* LominoUIApp-Regular.ttf in Resources */,
				440B1B8C22F95BED00A9F754 /* LominoUIApp-Light.ttf in Resources */,
				440B1B8322F95BED00A9F754 /* LominoUIApp-Italic.ttf in Resources */,
				440B1B8522F95BED00A9F754 /* LominoUIApp-Wide.ttf in Resources */,
				440B1B8A22F95BED00A9F754 /* LominoUIApp-LightItalic.ttf in Resources */,
				440B1B8622F95BED00A9F754 /* LominoUIApp-MediumItalic.ttf in Resources */,
				440B1B8D22F95BED00A9F754 /* LominoUIApp-ExtraBold.ttf in Resources */,
				440B1B8222F95BED00A9F754 /* LominoUIApp-Bold.ttf in Resources */,
				440B1B8922F95BED00A9F754 /* LominoUIApp-BoldItalic.ttf in Resources */,
				440B1B8B22F95BED00A9F754 /* LominoUIApp-ExtraBoldItalic.ttf in Resources */,
			);
			runOnlyForDeploymentPostprocessing = 0;
		};
/* End PBXResourcesBuildPhase section */

/* Begin PBXSourcesBuildPhase section */
		44318E8B22CB4E0C0060575D /* Sources */ = {
			isa = PBXSourcesBuildPhase;
			buildActionMask = 2147483647;
			files = (
			);
			runOnlyForDeploymentPostprocessing = 0;
		};
		58B511D71A9E6C8500147676 /* Sources */ = {
			isa = PBXSourcesBuildPhase;
			buildActionMask = 2147483647;
			files = (
				4447D4A022BC2BC40043CA89 /* GLTFKHRMaterialsPbrSpecularGlossiness_GLTFKHRMaterialsPbrSpecularGlossiness.swift in Sources */,
				440B1B9322F971F100A9F754 /* Bundle.swift in Sources */,
				4447D4A222BC2BC40043CA89 /* GLTFMaterial.swift in Sources */,
				4447D49722BC2BC40043CA89 /* GLTFGlTFProperty.swift in Sources */,
				449AF4A022B248090046938D /* SCNNode+Debug.swift in Sources */,
				4447D48A22BC2BC40043CA89 /* GLTFUnarchiver.swift in Sources */,
				449AF49B22B248090046938D /* UiTextNode.swift in Sources */,
				44318EB822CE29250060575D /* Measures.swift in Sources */,
				449AF4A322B248090046938D /* SCNMatrix4Extension.swift in Sources */,
				4447D4A622BC2BC40043CA89 /* GLTFMaterialOcclusionTextureInfo.swift in Sources */,
				4447D49B22BC2BC40043CA89 /* GLTFAccessor.swift in Sources */,
				440B1B9122F95C5C00A9F754 /* Font.swift in Sources */,
				447C23EB22F05DD700F9A8F6 /* UiToggleNode.swift in Sources */,
				449AF4A522B248090046938D /* UiNodesManager.swift in Sources */,
				446A927922DDE5CA00B4C12D /* Consts.swift in Sources */,
				447C246222F2CF3600F9A8F6 /* UiProgressBarNode.swift in Sources */,
				4447D54322BCC3BB0043CA89 /* GLTFShaderModifier.swift in Sources */,
				449AF49A22B248090046938D /* UiGroupNode.swift in Sources */,
				449AF4A422B248090046938D /* SCNVector3Extension.swift in Sources */,
				4447D49922BC2BC40043CA89 /* GLTFImage.swift in Sources */,
				447A017C22B462EB00C9C75F /* RCTConvert+Components.m in Sources */,
				449AF4A222B248090046938D /* SCNQuaternionExtension.swift in Sources */,
				44107CEE22E888070007CBF5 /* UiGridLayoutNode.swift in Sources */,
				4447D49A22BC2BC40043CA89 /* GLTFExtras.swift in Sources */,
				4461548522CA413100159F18 /* UiSpinnerNode.swift in Sources */,
				449AF49C22B248090046938D /* UiImageNode.swift in Sources */,
				44FA561C22B7A0EA00B42251 /* UiModelNode.swift in Sources */,
				447F283422F3049C00858461 /* UIImage+Extension.swift in Sources */,
				4447D49C22BC2BC40043CA89 /* GLTFExtension.swift in Sources */,
				4447D48F22BC2BC40043CA89 /* GLTFGlTF.swift in Sources */,
				4447D4A422BC2BC40043CA89 /* GLTFCamera.swift in Sources */,
				4447D49222BC2BC40043CA89 /* GLTFTexture.swift in Sources */,
				4447D49122BC2BC40043CA89 /* GLTFAnimationSampler.swift in Sources */,
				4447D4AC22BC2BC40043CA89 /* GLTFGlTFid.swift in Sources */,
				4447D48922BC2BC40043CA89 /* GLTFSceneSource.swift in Sources */,
				4447D4B022BC2BC40043CA89 /* GLTFFunctions.swift in Sources */,
				4447D4AF22BC2BC40043CA89 /* GLTFMeshPrimitive.swift in Sources */,
				4471C4FA22F5A61C00C8C5EC /* UiLineNode.swift in Sources */,
				4447D49522BC2BC40043CA89 /* GLTFBufferView.swift in Sources */,
				44318E6422CB44B60060575D /* ImageAssets.swift in Sources */,
				449AF45C22B247C40046938D /* ARComponentManager.m in Sources */,
				4447D49822BC2BC40043CA89 /* GLTFBuffer.swift in Sources */,
				449AF45E22B247C40046938D /* RCTARView.m in Sources */,
				4447D49422BC2BC40043CA89 /* GLTFSampler.swift in Sources */,
				4447D4A322BC2BC40043CA89 /* GLTFSkin.swift in Sources */,
				4447D49022BC2BC40043CA89 /* GLTFAnimationChannelTarget.swift in Sources */,
				4447D4B122BC2BC40043CA89 /* GLTFTypes.swift in Sources */,
				4447D4A922BC2BC40043CA89 /* GLTFAccessorSparseValues.swift in Sources */,
				4447D49D22BC2BC40043CA89 /* GLTFMaterialNormalTextureInfo.swift in Sources */,
				4447D49F22BC2BC40043CA89 /* GLTFKHRMaterialsCommon_GLTFKHRMaterialsCommon.swift in Sources */,
				449AF49D22B248090046938D /* UiButtonNode.swift in Sources */,
				4447D49E22BC2BC40043CA89 /* ExtensionList.swift in Sources */,
				449AF4A122B248090046938D /* Maths.swift in Sources */,
				4447D48D22BC2BC40043CA89 /* GLTFGlTFChildOfRootProperty.swift in Sources */,
				4447D48E22BC2BC40043CA89 /* GLTFCameraOrthographic.swift in Sources */,
				4447D4AB22BC2BC40043CA89 /* GLTFAsset.swift in Sources */,
				449AF49F22B248090046938D /* SCNRectangle.swift in Sources */,
				4447D4AA22BC2BC40043CA89 /* GLTFAnimation.swift in Sources */,
				442463BE22DCBFCA00FD4ABB /* LabelNode.swift in Sources */,
				449AF45F22B247C40046938D /* RCTARViewManager.m in Sources */,
				447A017922B4494100C9C75F /* Convert.swift in Sources */,
				44318EBA22CE29CA0060575D /* UiTextEditNode.swift in Sources */,
				4447D48C22BC2BC40043CA89 /* GLTFScene.swift in Sources */,
				44318EB622CE28EA0060575D /* OutlineNode.swift in Sources */,
				4447D49622BC2BC40043CA89 /* GLTFMesh.swift in Sources */,
				4447D49322BC2BC40043CA89 /* GLTFTextureInfo.swift in Sources */,
				449AF49822B248090046938D /* TransformNode.swift in Sources */,
				449AF45A22B247C40046938D /* AREventsManager.m in Sources */,
				4471C4FC22F5A68A00C8C5EC /* RenderNode.swift in Sources */,
				447C246022F2CF2700F9A8F6 /* UiSliderNode.swift in Sources */,
				4447D4A722BC2BC40043CA89 /* GLTFMaterialPbrMetallicRoughness.swift in Sources */,
				4447D48B22BC2BC40043CA89 /* GLTFErrors.swift in Sources */,
				4447D4A122BC2BC40043CA89 /* GLTFAnimationChannel.swift in Sources */,
				4447D4AD22BC2BC40043CA89 /* GLTFAccessorSparseIndices.swift in Sources */,
				449AF49E22B248090046938D /* SCNBBoxNode.swift in Sources */,
				4447D4A822BC2BC40043CA89 /* GLTFNode.swift in Sources */,
				449AF49922B248090046938D /* UiNode.swift in Sources */,
				4447D4A522BC2BC40043CA89 /* GLTFAccessorSparse.swift in Sources */,
				4447D4AE22BC2BC40043CA89 /* GLTFCameraPerspective.swift in Sources */,
			);
			runOnlyForDeploymentPostprocessing = 0;
		};
/* End PBXSourcesBuildPhase section */

/* Begin PBXTargetDependency section */
		44318E9F22CB56A00060575D /* PBXTargetDependency */ = {
			isa = PBXTargetDependency;
			target = 44318E8E22CB4E0C0060575D /* RNMagicScriptResources */;
			targetProxy = 44318E9E22CB56A00060575D /* PBXContainerItemProxy */;
		};
/* End PBXTargetDependency section */

/* Begin XCBuildConfiguration section */
		44318E9322CB4E0C0060575D /* Debug */ = {
			isa = XCBuildConfiguration;
			buildSettings = {
				CLANG_ANALYZER_NONNULL = YES;
				CLANG_ANALYZER_NUMBER_OBJECT_CONVERSION = YES_AGGRESSIVE;
				CLANG_CXX_LANGUAGE_STANDARD = "gnu++14";
				CLANG_ENABLE_OBJC_WEAK = YES;
				CLANG_WARN_DOCUMENTATION_COMMENTS = YES;
				CLANG_WARN_UNGUARDED_AVAILABILITY = YES_AGGRESSIVE;
				CODE_SIGN_IDENTITY = "iPhone Developer";
				CODE_SIGN_STYLE = Automatic;
				COMBINE_HIDPI_IMAGES = YES;
				DEBUG_INFORMATION_FORMAT = dwarf;
				DEVELOPMENT_TEAM = DEURTTZ5DW;
				GCC_C_LANGUAGE_STANDARD = gnu11;
				INFOPLIST_FILE = RNMagicScriptResources/Info.plist;
				INSTALL_PATH = "$(LOCAL_LIBRARY_DIR)/Bundles";
				MACOSX_DEPLOYMENT_TARGET = 10.14;
				MTL_ENABLE_DEBUG_INFO = INCLUDE_SOURCE;
				MTL_FAST_MATH = YES;
				PRODUCT_BUNDLE_IDENTIFIER = com.nomtek.RNMagicScriptResources;
				PRODUCT_NAME = "$(TARGET_NAME)";
				PROVISIONING_PROFILE_SPECIFIER = "";
				SDKROOT = iphoneos;
				SKIP_INSTALL = YES;
				WRAPPER_EXTENSION = bundle;
			};
			name = Debug;
		};
		44318E9422CB4E0C0060575D /* Release */ = {
			isa = XCBuildConfiguration;
			buildSettings = {
				CLANG_ANALYZER_NONNULL = YES;
				CLANG_ANALYZER_NUMBER_OBJECT_CONVERSION = YES_AGGRESSIVE;
				CLANG_CXX_LANGUAGE_STANDARD = "gnu++14";
				CLANG_ENABLE_OBJC_WEAK = YES;
				CLANG_WARN_DOCUMENTATION_COMMENTS = YES;
				CLANG_WARN_UNGUARDED_AVAILABILITY = YES_AGGRESSIVE;
				CODE_SIGN_IDENTITY = "iPhone Developer";
				CODE_SIGN_STYLE = Automatic;
				COMBINE_HIDPI_IMAGES = YES;
				COPY_PHASE_STRIP = NO;
				DEBUG_INFORMATION_FORMAT = "dwarf-with-dsym";
				DEVELOPMENT_TEAM = DEURTTZ5DW;
				GCC_C_LANGUAGE_STANDARD = gnu11;
				INFOPLIST_FILE = RNMagicScriptResources/Info.plist;
				INSTALL_PATH = "$(LOCAL_LIBRARY_DIR)/Bundles";
				MACOSX_DEPLOYMENT_TARGET = 10.14;
				MTL_FAST_MATH = YES;
				PRODUCT_BUNDLE_IDENTIFIER = com.nomtek.RNMagicScriptResources;
				PRODUCT_NAME = "$(TARGET_NAME)";
				PROVISIONING_PROFILE_SPECIFIER = "";
				SDKROOT = iphoneos;
				SKIP_INSTALL = YES;
				WRAPPER_EXTENSION = bundle;
			};
			name = Release;
		};
		58B511ED1A9E6C8500147676 /* Debug */ = {
			isa = XCBuildConfiguration;
			buildSettings = {
				ALWAYS_SEARCH_USER_PATHS = NO;
				CLANG_ANALYZER_LOCALIZABILITY_NONLOCALIZED = YES;
				CLANG_CXX_LANGUAGE_STANDARD = "gnu++0x";
				CLANG_CXX_LIBRARY = "libc++";
				CLANG_ENABLE_MODULES = YES;
				CLANG_ENABLE_OBJC_ARC = YES;
				CLANG_WARN_BLOCK_CAPTURE_AUTORELEASING = YES;
				CLANG_WARN_BOOL_CONVERSION = YES;
				CLANG_WARN_COMMA = YES;
				CLANG_WARN_CONSTANT_CONVERSION = YES;
				CLANG_WARN_DEPRECATED_OBJC_IMPLEMENTATIONS = YES;
				CLANG_WARN_DIRECT_OBJC_ISA_USAGE = YES_ERROR;
				CLANG_WARN_EMPTY_BODY = YES;
				CLANG_WARN_ENUM_CONVERSION = YES;
				CLANG_WARN_INFINITE_RECURSION = YES;
				CLANG_WARN_INT_CONVERSION = YES;
				CLANG_WARN_NON_LITERAL_NULL_CONVERSION = YES;
				CLANG_WARN_OBJC_IMPLICIT_RETAIN_SELF = YES;
				CLANG_WARN_OBJC_LITERAL_CONVERSION = YES;
				CLANG_WARN_OBJC_ROOT_CLASS = YES_ERROR;
				CLANG_WARN_RANGE_LOOP_ANALYSIS = YES;
				CLANG_WARN_STRICT_PROTOTYPES = YES;
				CLANG_WARN_SUSPICIOUS_MOVE = YES;
				CLANG_WARN_UNREACHABLE_CODE = YES;
				CLANG_WARN__DUPLICATE_METHOD_MATCH = YES;
				COPY_PHASE_STRIP = NO;
				ENABLE_STRICT_OBJC_MSGSEND = YES;
				ENABLE_TESTABILITY = YES;
				GCC_C_LANGUAGE_STANDARD = gnu99;
				GCC_DYNAMIC_NO_PIC = NO;
				GCC_NO_COMMON_BLOCKS = YES;
				GCC_OPTIMIZATION_LEVEL = 0;
				GCC_PREPROCESSOR_DEFINITIONS = (
					"DEBUG=1",
					"$(inherited)",
				);
				GCC_SYMBOLS_PRIVATE_EXTERN = NO;
				GCC_WARN_64_TO_32_BIT_CONVERSION = YES;
				GCC_WARN_ABOUT_RETURN_TYPE = YES_ERROR;
				GCC_WARN_UNDECLARED_SELECTOR = YES;
				GCC_WARN_UNINITIALIZED_AUTOS = YES_AGGRESSIVE;
				GCC_WARN_UNUSED_FUNCTION = YES;
				GCC_WARN_UNUSED_VARIABLE = YES;
				IPHONEOS_DEPLOYMENT_TARGET = 11.0;
				MTL_ENABLE_DEBUG_INFO = YES;
				ONLY_ACTIVE_ARCH = YES;
				SDKROOT = iphoneos;
			};
			name = Debug;
		};
		58B511EE1A9E6C8500147676 /* Release */ = {
			isa = XCBuildConfiguration;
			buildSettings = {
				ALWAYS_SEARCH_USER_PATHS = NO;
				CLANG_ANALYZER_LOCALIZABILITY_NONLOCALIZED = YES;
				CLANG_CXX_LANGUAGE_STANDARD = "gnu++0x";
				CLANG_CXX_LIBRARY = "libc++";
				CLANG_ENABLE_MODULES = YES;
				CLANG_ENABLE_OBJC_ARC = YES;
				CLANG_WARN_BLOCK_CAPTURE_AUTORELEASING = YES;
				CLANG_WARN_BOOL_CONVERSION = YES;
				CLANG_WARN_COMMA = YES;
				CLANG_WARN_CONSTANT_CONVERSION = YES;
				CLANG_WARN_DEPRECATED_OBJC_IMPLEMENTATIONS = YES;
				CLANG_WARN_DIRECT_OBJC_ISA_USAGE = YES_ERROR;
				CLANG_WARN_EMPTY_BODY = YES;
				CLANG_WARN_ENUM_CONVERSION = YES;
				CLANG_WARN_INFINITE_RECURSION = YES;
				CLANG_WARN_INT_CONVERSION = YES;
				CLANG_WARN_NON_LITERAL_NULL_CONVERSION = YES;
				CLANG_WARN_OBJC_IMPLICIT_RETAIN_SELF = YES;
				CLANG_WARN_OBJC_LITERAL_CONVERSION = YES;
				CLANG_WARN_OBJC_ROOT_CLASS = YES_ERROR;
				CLANG_WARN_RANGE_LOOP_ANALYSIS = YES;
				CLANG_WARN_STRICT_PROTOTYPES = YES;
				CLANG_WARN_SUSPICIOUS_MOVE = YES;
				CLANG_WARN_UNREACHABLE_CODE = YES;
				CLANG_WARN__DUPLICATE_METHOD_MATCH = YES;
				COPY_PHASE_STRIP = YES;
				ENABLE_NS_ASSERTIONS = NO;
				ENABLE_STRICT_OBJC_MSGSEND = YES;
				GCC_C_LANGUAGE_STANDARD = gnu99;
				GCC_NO_COMMON_BLOCKS = YES;
				GCC_WARN_64_TO_32_BIT_CONVERSION = YES;
				GCC_WARN_ABOUT_RETURN_TYPE = YES_ERROR;
				GCC_WARN_UNDECLARED_SELECTOR = YES;
				GCC_WARN_UNINITIALIZED_AUTOS = YES_AGGRESSIVE;
				GCC_WARN_UNUSED_FUNCTION = YES;
				GCC_WARN_UNUSED_VARIABLE = YES;
				IPHONEOS_DEPLOYMENT_TARGET = 11.0;
				MTL_ENABLE_DEBUG_INFO = NO;
				SDKROOT = iphoneos;
				SWIFT_COMPILATION_MODE = wholemodule;
				VALIDATE_PRODUCT = YES;
			};
			name = Release;
		};
		58B511F01A9E6C8500147676 /* Debug */ = {
			isa = XCBuildConfiguration;
			buildSettings = {
				CLANG_ENABLE_MODULES = YES;
				EMBED_ASSET_PACKS_IN_PRODUCT_BUNDLE = YES;
				FRAMEWORK_SEARCH_PATHS = (
					"$(inherited)",
					"$(PROJECT_DIR)/libraries",
				);
				HEADER_SEARCH_PATHS = (
					"$(inherited)",
					/Applications/Xcode.app/Contents/Developer/Toolchains/XcodeDefault.xctoolchain/usr/include,
					"$(SRCROOT)/../../../React/**",
					"$(SRCROOT)/../../react-native/React/**",
				);
				IPHONEOS_DEPLOYMENT_TARGET = 12.1;
				LD_RUNPATH_SEARCH_PATHS = "$(inherited) @executable_path/Frameworks @loader_path/Frameworks";
				LIBRARY_SEARCH_PATHS = "$(inherited)";
				OTHER_LDFLAGS = "-ObjC";
				PRODUCT_NAME = RNMagicScript;
				SKIP_INSTALL = YES;
				SWIFT_INCLUDE_PATHS = "";
				SWIFT_OBJC_BRIDGING_HEADER = "RNMagicScript-Bridging-Header.h";
				SWIFT_OPTIMIZATION_LEVEL = "-Onone";
				SWIFT_VERSION = 5.0;
			};
			name = Debug;
		};
		58B511F11A9E6C8500147676 /* Release */ = {
			isa = XCBuildConfiguration;
			buildSettings = {
				CLANG_ENABLE_MODULES = YES;
				EMBED_ASSET_PACKS_IN_PRODUCT_BUNDLE = YES;
				FRAMEWORK_SEARCH_PATHS = (
					"$(inherited)",
					"$(PROJECT_DIR)/libraries",
				);
				HEADER_SEARCH_PATHS = (
					"$(inherited)",
					/Applications/Xcode.app/Contents/Developer/Toolchains/XcodeDefault.xctoolchain/usr/include,
					"$(SRCROOT)/../../../React/**",
					"$(SRCROOT)/../../react-native/React/**",
				);
				IPHONEOS_DEPLOYMENT_TARGET = 12.1;
				LD_RUNPATH_SEARCH_PATHS = "$(inherited) @executable_path/Frameworks @loader_path/Frameworks";
				LIBRARY_SEARCH_PATHS = "$(inherited)";
				OTHER_LDFLAGS = "-ObjC";
				PRODUCT_NAME = RNMagicScript;
				SKIP_INSTALL = YES;
				SWIFT_INCLUDE_PATHS = "";
				SWIFT_OBJC_BRIDGING_HEADER = "RNMagicScript-Bridging-Header.h";
				SWIFT_VERSION = 5.0;
			};
			name = Release;
		};
/* End XCBuildConfiguration section */

/* Begin XCConfigurationList section */
		44318E9222CB4E0C0060575D /* Build configuration list for PBXNativeTarget "RNMagicScriptResources" */ = {
			isa = XCConfigurationList;
			buildConfigurations = (
				44318E9322CB4E0C0060575D /* Debug */,
				44318E9422CB4E0C0060575D /* Release */,
			);
			defaultConfigurationIsVisible = 0;
			defaultConfigurationName = Release;
		};
		58B511D61A9E6C8500147676 /* Build configuration list for PBXProject "RNMagicScript" */ = {
			isa = XCConfigurationList;
			buildConfigurations = (
				58B511ED1A9E6C8500147676 /* Debug */,
				58B511EE1A9E6C8500147676 /* Release */,
			);
			defaultConfigurationIsVisible = 0;
			defaultConfigurationName = Release;
		};
		58B511EF1A9E6C8500147676 /* Build configuration list for PBXNativeTarget "RNMagicScript" */ = {
			isa = XCConfigurationList;
			buildConfigurations = (
				58B511F01A9E6C8500147676 /* Debug */,
				58B511F11A9E6C8500147676 /* Release */,
			);
			defaultConfigurationIsVisible = 0;
			defaultConfigurationName = Release;
		};
/* End XCConfigurationList section */
	};
	rootObject = 58B511D31A9E6C8500147676 /* Project object */;
}
